// !$*UTF8*$!
{
	archiveVersion = 1;
	classes = {
	};
	objectVersion = 55;
	objects = {

/* Begin PBXBuildFile section */
		19852A4384D40D20C5427A33 /* Pods_CoffeeExplorerTests.framework in Frameworks */ = {isa = PBXBuildFile; fileRef = 8617717797F6EF62EA5C89B1 /* Pods_CoffeeExplorerTests.framework */; };
		22A9C2D727454F2000A08A3F /* CoffeeExplorerApp.swift in Sources */ = {isa = PBXBuildFile; fileRef = 22A9C2D627454F2000A08A3F /* CoffeeExplorerApp.swift */; };
		22A9C2D927454F2000A08A3F /* HomeView.swift in Sources */ = {isa = PBXBuildFile; fileRef = 22A9C2D827454F2000A08A3F /* HomeView.swift */; };
		22A9C2DB27454F2200A08A3F /* Assets.xcassets in Resources */ = {isa = PBXBuildFile; fileRef = 22A9C2DA27454F2200A08A3F /* Assets.xcassets */; };
		22A9C2DE27454F2200A08A3F /* Preview Assets.xcassets in Resources */ = {isa = PBXBuildFile; fileRef = 22A9C2DD27454F2200A08A3F /* Preview Assets.xcassets */; };
		22A9C2E827454F2200A08A3F /* CoffeeExplorerTests.swift in Sources */ = {isa = PBXBuildFile; fileRef = 22A9C2E727454F2200A08A3F /* CoffeeExplorerTests.swift */; };
		22A9C2F227454F2200A08A3F /* CoffeeExplorerUITests.swift in Sources */ = {isa = PBXBuildFile; fileRef = 22A9C2F127454F2200A08A3F /* CoffeeExplorerUITests.swift */; };
		22A9C2F427454F2200A08A3F /* CoffeeExplorerUITestsLaunchTests.swift in Sources */ = {isa = PBXBuildFile; fileRef = 22A9C2F327454F2200A08A3F /* CoffeeExplorerUITestsLaunchTests.swift */; };
		22BEDF702745548C00BDF63D /* Poppins-Bold.ttf in Resources */ = {isa = PBXBuildFile; fileRef = 22BEDF6D2745548C00BDF63D /* Poppins-Bold.ttf */; };
		22BEDF712745548C00BDF63D /* Poppins-Regular.ttf in Resources */ = {isa = PBXBuildFile; fileRef = 22BEDF6E2745548C00BDF63D /* Poppins-Regular.ttf */; };
		22BEDF722745548C00BDF63D /* Poppins-Medium.ttf in Resources */ = {isa = PBXBuildFile; fileRef = 22BEDF6F2745548C00BDF63D /* Poppins-Medium.ttf */; };
		22BEDF762745550B00BDF63D /* Font+Poppins.swift in Sources */ = {isa = PBXBuildFile; fileRef = 22BEDF752745550B00BDF63D /* Font+Poppins.swift */; };
		22BEDF7B2745567000BDF63D /* Localizable.strings in Resources */ = {isa = PBXBuildFile; fileRef = 22BEDF7D2745567000BDF63D /* Localizable.strings */; };
		22BEDF81274556F500BDF63D /* String+Localization.swift in Sources */ = {isa = PBXBuildFile; fileRef = 22BEDF80274556F500BDF63D /* String+Localization.swift */; };
		22BEDF8427455A9D00BDF63D /* OnBoardingView.swift in Sources */ = {isa = PBXBuildFile; fileRef = 22BEDF8327455A9D00BDF63D /* OnBoardingView.swift */; };
		22BEDF86274562DE00BDF63D /* Colors.xcassets in Resources */ = {isa = PBXBuildFile; fileRef = 22BEDF85274562DE00BDF63D /* Colors.xcassets */; };
		22BEDF892745633000BDF63D /* ColorPalette.swift in Sources */ = {isa = PBXBuildFile; fileRef = 22BEDF882745633000BDF63D /* ColorPalette.swift */; };
		22BEDF8C274563F400BDF63D /* PrimaryButtonStyle.swift in Sources */ = {isa = PBXBuildFile; fileRef = 22BEDF8B274563F400BDF63D /* PrimaryButtonStyle.swift */; };
		22BEDF9227456CAD00BDF63D /* RootView.swift in Sources */ = {isa = PBXBuildFile; fileRef = 22BEDF9127456CAD00BDF63D /* RootView.swift */; };
		22BEDF9527457B3300BDF63D /* UserDefaultWrapperTest.swift in Sources */ = {isa = PBXBuildFile; fileRef = 22BEDF9427457B3300BDF63D /* UserDefaultWrapperTest.swift */; };
		22BEDF9727457EC700BDF63D /* RootViewModel.swift in Sources */ = {isa = PBXBuildFile; fileRef = 22BEDF9627457EC700BDF63D /* RootViewModel.swift */; };
		22BEDF9B27457F0300BDF63D /* UserDefault.swift in Sources */ = {isa = PBXBuildFile; fileRef = 22BEDF9A27457F0300BDF63D /* UserDefault.swift */; };
		22BEDFA0274588A100BDF63D /* LocationManager.swift in Sources */ = {isa = PBXBuildFile; fileRef = 22BEDF9F274588A100BDF63D /* LocationManager.swift */; };
		22BEDFA22745989600BDF63D /* LocationFetcher.swift in Sources */ = {isa = PBXBuildFile; fileRef = 22BEDFA12745989600BDF63D /* LocationFetcher.swift */; };
		22BEDFA52745994200BDF63D /* LocationManagerTests.swift in Sources */ = {isa = PBXBuildFile; fileRef = 22BEDFA42745994200BDF63D /* LocationManagerTests.swift */; };
		22BEDFAA2745A5EA00BDF63D /* NetworkManager.swift in Sources */ = {isa = PBXBuildFile; fileRef = 22BEDFA92745A5EA00BDF63D /* NetworkManager.swift */; };
		22BEDFAD2745A60300BDF63D /* Network.swift in Sources */ = {isa = PBXBuildFile; fileRef = 22BEDFAC2745A60300BDF63D /* Network.swift */; };
		22BEDFAF2745A72700BDF63D /* RequestBuildable.swift in Sources */ = {isa = PBXBuildFile; fileRef = 22BEDFAE2745A72700BDF63D /* RequestBuildable.swift */; };
		22BEDFB12745A74A00BDF63D /* ParameterEncoding.swift in Sources */ = {isa = PBXBuildFile; fileRef = 22BEDFB02745A74A00BDF63D /* ParameterEncoding.swift */; };
		22BEDFB32745A75C00BDF63D /* URLEncoder.swift in Sources */ = {isa = PBXBuildFile; fileRef = 22BEDFB22745A75C00BDF63D /* URLEncoder.swift */; };
		22BEDFB52745A76A00BDF63D /* JSONEncoder.swift in Sources */ = {isa = PBXBuildFile; fileRef = 22BEDFB42745A76A00BDF63D /* JSONEncoder.swift */; };
		22BEDFB82745AAA800BDF63D /* URLEncoderTests.swift in Sources */ = {isa = PBXBuildFile; fileRef = 22BEDFB72745AAA800BDF63D /* URLEncoderTests.swift */; };
		22BEDFBA2745AB5500BDF63D /* JSONEncoderTests.swift in Sources */ = {isa = PBXBuildFile; fileRef = 22BEDFB92745AB5500BDF63D /* JSONEncoderTests.swift */; };
		22BEDFBC2745ABA600BDF63D /* MockURLProtocol.swift in Sources */ = {isa = PBXBuildFile; fileRef = 22BEDFBB2745ABA600BDF63D /* MockURLProtocol.swift */; };
		22BEDFC4274628EB00BDF63D /* NetworkManagerTests.swift in Sources */ = {isa = PBXBuildFile; fileRef = 22BEDFC3274628EB00BDF63D /* NetworkManagerTests.swift */; };
		22BEDFC927463C2700BDF63D /* VenueListQuery.swift in Sources */ = {isa = PBXBuildFile; fileRef = 22BEDFC827463C2700BDF63D /* VenueListQuery.swift */; };
		22BEDFCC27463C4C00BDF63D /* VenueListRequest.swift in Sources */ = {isa = PBXBuildFile; fileRef = 22BEDFCB27463C4C00BDF63D /* VenueListRequest.swift */; };
		22BEDFCF274649AA00BDF63D /* VenueListServerResponse.swift in Sources */ = {isa = PBXBuildFile; fileRef = 22BEDFCE274649AA00BDF63D /* VenueListServerResponse.swift */; };
		22BEDFD12746525800BDF63D /* VenueListResponse.json in Resources */ = {isa = PBXBuildFile; fileRef = 22BEDFD02746525800BDF63D /* VenueListResponse.json */; };
		22BEDFD92746638B00BDF63D /* VenueListRequestTests.swift in Sources */ = {isa = PBXBuildFile; fileRef = 22BEDFD82746638B00BDF63D /* VenueListRequestTests.swift */; };
		22BEDFDB274664A700BDF63D /* File.swift in Sources */ = {isa = PBXBuildFile; fileRef = 22BEDFDA274664A700BDF63D /* File.swift */; };
		22BEDFDF2746658A00BDF63D /* FailedVenueListResponse.json in Resources */ = {isa = PBXBuildFile; fileRef = 22BEDFDE2746658A00BDF63D /* FailedVenueListResponse.json */; };
		22BEDFE3274669D100BDF63D /* VenueListRepository.swift in Sources */ = {isa = PBXBuildFile; fileRef = 22BEDFE2274669D100BDF63D /* VenueListRepository.swift */; };
		22BEDFE527466A4100BDF63D /* VenueListUseCase.swift in Sources */ = {isa = PBXBuildFile; fileRef = 22BEDFE427466A4100BDF63D /* VenueListUseCase.swift */; };
		22BEDFEA2746747900BDF63D /* VenueListViewModel.swift in Sources */ = {isa = PBXBuildFile; fileRef = 22BEDFE92746747900BDF63D /* VenueListViewModel.swift */; };
		22BEDFEE274678DB00BDF63D /* PrimaryCardViewStyle.swift in Sources */ = {isa = PBXBuildFile; fileRef = 22BEDFED274678DB00BDF63D /* PrimaryCardViewStyle.swift */; };
		22BEDFF42746BF8100BDF63D /* AppState.swift in Sources */ = {isa = PBXBuildFile; fileRef = 22BEDFF32746BF8100BDF63D /* AppState.swift */; };
		22BEDFF62746C0B700BDF63D /* VenueListRepositoryTest.swift in Sources */ = {isa = PBXBuildFile; fileRef = 22BEDFF52746C0B700BDF63D /* VenueListRepositoryTest.swift */; };
		22BEDFF82746C4CD00BDF63D /* VenueListUseCaseTests.swift in Sources */ = {isa = PBXBuildFile; fileRef = 22BEDFF72746C4CD00BDF63D /* VenueListUseCaseTests.swift */; };
		22BEDFFA2746C74A00BDF63D /* VenueListViewModelTests.swift in Sources */ = {isa = PBXBuildFile; fileRef = 22BEDFF92746C74A00BDF63D /* VenueListViewModelTests.swift */; };
		22BEDFFE2746D34B00BDF63D /* VenueListView.swift in Sources */ = {isa = PBXBuildFile; fileRef = 22BEDFFC2746D34B00BDF63D /* VenueListView.swift */; };
		22BEDFFF2746D34B00BDF63D /* VenueCardView.swift in Sources */ = {isa = PBXBuildFile; fileRef = 22BEDFFD2746D34B00BDF63D /* VenueCardView.swift */; };
		22BEE0012746D6E200BDF63D /* VenueListReponse.swift in Sources */ = {isa = PBXBuildFile; fileRef = 22BEE0002746D6E200BDF63D /* VenueListReponse.swift */; };
		22BEE0032746D91700BDF63D /* LocationPermissionPlaceholder.swift in Sources */ = {isa = PBXBuildFile; fileRef = 22BEE0022746D91700BDF63D /* LocationPermissionPlaceholder.swift */; };
		22F8A2A327470EA900EFB960 /* VenueDetailResponse.swift in Sources */ = {isa = PBXBuildFile; fileRef = 22F8A2A227470EA900EFB960 /* VenueDetailResponse.swift */; };
		22F8A2A727470F0F00EFB960 /* VenueDetailsUseCase.swift in Sources */ = {isa = PBXBuildFile; fileRef = 22F8A2A627470F0F00EFB960 /* VenueDetailsUseCase.swift */; };
		22F8A2AA2747101000EFB960 /* VenueDetailsRepository.swift in Sources */ = {isa = PBXBuildFile; fileRef = 22F8A2A92747101000EFB960 /* VenueDetailsRepository.swift */; };
		22F8A2AD2747114200EFB960 /* VenueDetailsRequest.swift in Sources */ = {isa = PBXBuildFile; fileRef = 22F8A2AC2747114200EFB960 /* VenueDetailsRequest.swift */; };
		22F8A2B327479D2800EFB960 /* VenueDetailsRepositoryTests.swift in Sources */ = {isa = PBXBuildFile; fileRef = 22F8A2B227479D2800EFB960 /* VenueDetailsRepositoryTests.swift */; };
		22F8A2B527479D4800EFB960 /* VenueDetailsUseCaseTests.swift in Sources */ = {isa = PBXBuildFile; fileRef = 22F8A2B427479D4800EFB960 /* VenueDetailsUseCaseTests.swift */; };
		22F8A2B927479E0700EFB960 /* VenueDetailsView.json in Resources */ = {isa = PBXBuildFile; fileRef = 22F8A2B827479E0700EFB960 /* VenueDetailsView.json */; };
		22F8A2BB2747A2FD00EFB960 /* VenueDetailsRequestTests.swift in Sources */ = {isa = PBXBuildFile; fileRef = 22F8A2BA2747A2FD00EFB960 /* VenueDetailsRequestTests.swift */; };
		258B720A5FF9957929576401 /* Pods_CoffeeExplorer_CoffeeExplorerUITests.framework in Frameworks */ = {isa = PBXBuildFile; fileRef = FF531ECE75871AC73BEFE17B /* Pods_CoffeeExplorer_CoffeeExplorerUITests.framework */; };
		BB3B27BC90A05DE6CEEF8B09 /* Pods_CoffeeExplorer.framework in Frameworks */ = {isa = PBXBuildFile; fileRef = 228CB1D197EF61B8FF6F09DC /* Pods_CoffeeExplorer.framework */; };
/* End PBXBuildFile section */

/* Begin PBXContainerItemProxy section */
		22A9C2E427454F2200A08A3F /* PBXContainerItemProxy */ = {
			isa = PBXContainerItemProxy;
			containerPortal = 22A9C2CB27454F2000A08A3F /* Project object */;
			proxyType = 1;
			remoteGlobalIDString = 22A9C2D227454F2000A08A3F;
			remoteInfo = CoffeeExplorer;
		};
		22A9C2EE27454F2200A08A3F /* PBXContainerItemProxy */ = {
			isa = PBXContainerItemProxy;
			containerPortal = 22A9C2CB27454F2000A08A3F /* Project object */;
			proxyType = 1;
			remoteGlobalIDString = 22A9C2D227454F2000A08A3F;
			remoteInfo = CoffeeExplorer;
		};
/* End PBXContainerItemProxy section */

/* Begin PBXFileReference section */
		228CB1D197EF61B8FF6F09DC /* Pods_CoffeeExplorer.framework */ = {isa = PBXFileReference; explicitFileType = wrapper.framework; includeInIndex = 0; path = Pods_CoffeeExplorer.framework; sourceTree = BUILT_PRODUCTS_DIR; };
		22A9C2D327454F2000A08A3F /* CoffeeExplorer.app */ = {isa = PBXFileReference; explicitFileType = wrapper.application; includeInIndex = 0; path = CoffeeExplorer.app; sourceTree = BUILT_PRODUCTS_DIR; };
		22A9C2D627454F2000A08A3F /* CoffeeExplorerApp.swift */ = {isa = PBXFileReference; lastKnownFileType = sourcecode.swift; path = CoffeeExplorerApp.swift; sourceTree = "<group>"; };
		22A9C2D827454F2000A08A3F /* HomeView.swift */ = {isa = PBXFileReference; lastKnownFileType = sourcecode.swift; path = HomeView.swift; sourceTree = "<group>"; };
		22A9C2DA27454F2200A08A3F /* Assets.xcassets */ = {isa = PBXFileReference; lastKnownFileType = folder.assetcatalog; path = Assets.xcassets; sourceTree = "<group>"; };
		22A9C2DD27454F2200A08A3F /* Preview Assets.xcassets */ = {isa = PBXFileReference; lastKnownFileType = folder.assetcatalog; path = "Preview Assets.xcassets"; sourceTree = "<group>"; };
		22A9C2E327454F2200A08A3F /* CoffeeExplorerTests.xctest */ = {isa = PBXFileReference; explicitFileType = wrapper.cfbundle; includeInIndex = 0; path = CoffeeExplorerTests.xctest; sourceTree = BUILT_PRODUCTS_DIR; };
		22A9C2E727454F2200A08A3F /* CoffeeExplorerTests.swift */ = {isa = PBXFileReference; lastKnownFileType = sourcecode.swift; path = CoffeeExplorerTests.swift; sourceTree = "<group>"; };
		22A9C2ED27454F2200A08A3F /* CoffeeExplorerUITests.xctest */ = {isa = PBXFileReference; explicitFileType = wrapper.cfbundle; includeInIndex = 0; path = CoffeeExplorerUITests.xctest; sourceTree = BUILT_PRODUCTS_DIR; };
		22A9C2F127454F2200A08A3F /* CoffeeExplorerUITests.swift */ = {isa = PBXFileReference; lastKnownFileType = sourcecode.swift; path = CoffeeExplorerUITests.swift; sourceTree = "<group>"; };
		22A9C2F327454F2200A08A3F /* CoffeeExplorerUITestsLaunchTests.swift */ = {isa = PBXFileReference; lastKnownFileType = sourcecode.swift; path = CoffeeExplorerUITestsLaunchTests.swift; sourceTree = "<group>"; };
		22BEDF6D2745548C00BDF63D /* Poppins-Bold.ttf */ = {isa = PBXFileReference; lastKnownFileType = file; path = "Poppins-Bold.ttf"; sourceTree = "<group>"; };
		22BEDF6E2745548C00BDF63D /* Poppins-Regular.ttf */ = {isa = PBXFileReference; lastKnownFileType = file; path = "Poppins-Regular.ttf"; sourceTree = "<group>"; };
		22BEDF6F2745548C00BDF63D /* Poppins-Medium.ttf */ = {isa = PBXFileReference; lastKnownFileType = file; path = "Poppins-Medium.ttf"; sourceTree = "<group>"; };
		22BEDF752745550B00BDF63D /* Font+Poppins.swift */ = {isa = PBXFileReference; lastKnownFileType = sourcecode.swift; path = "Font+Poppins.swift"; sourceTree = "<group>"; };
		22BEDF772745559E00BDF63D /* Info.plist */ = {isa = PBXFileReference; lastKnownFileType = text.plist; path = Info.plist; sourceTree = "<group>"; };
		22BEDF7C2745567000BDF63D /* en */ = {isa = PBXFileReference; lastKnownFileType = text.plist.strings; name = en; path = en.lproj/Localizable.strings; sourceTree = "<group>"; };
		22BEDF7E2745567500BDF63D /* ar */ = {isa = PBXFileReference; lastKnownFileType = text.plist.strings; name = ar; path = ar.lproj/Localizable.strings; sourceTree = "<group>"; };
		22BEDF80274556F500BDF63D /* String+Localization.swift */ = {isa = PBXFileReference; lastKnownFileType = sourcecode.swift; path = "String+Localization.swift"; sourceTree = "<group>"; };
		22BEDF8327455A9D00BDF63D /* OnBoardingView.swift */ = {isa = PBXFileReference; lastKnownFileType = sourcecode.swift; path = OnBoardingView.swift; sourceTree = "<group>"; };
		22BEDF85274562DE00BDF63D /* Colors.xcassets */ = {isa = PBXFileReference; lastKnownFileType = folder.assetcatalog; path = Colors.xcassets; sourceTree = "<group>"; };
		22BEDF882745633000BDF63D /* ColorPalette.swift */ = {isa = PBXFileReference; lastKnownFileType = sourcecode.swift; path = ColorPalette.swift; sourceTree = "<group>"; };
		22BEDF8B274563F400BDF63D /* PrimaryButtonStyle.swift */ = {isa = PBXFileReference; lastKnownFileType = sourcecode.swift; path = PrimaryButtonStyle.swift; sourceTree = "<group>"; };
		22BEDF9127456CAD00BDF63D /* RootView.swift */ = {isa = PBXFileReference; lastKnownFileType = sourcecode.swift; path = RootView.swift; sourceTree = "<group>"; };
		22BEDF9427457B3300BDF63D /* UserDefaultWrapperTest.swift */ = {isa = PBXFileReference; lastKnownFileType = sourcecode.swift; path = UserDefaultWrapperTest.swift; sourceTree = "<group>"; };
		22BEDF9627457EC700BDF63D /* RootViewModel.swift */ = {isa = PBXFileReference; lastKnownFileType = sourcecode.swift; path = RootViewModel.swift; sourceTree = "<group>"; };
		22BEDF9A27457F0300BDF63D /* UserDefault.swift */ = {isa = PBXFileReference; lastKnownFileType = sourcecode.swift; path = UserDefault.swift; sourceTree = "<group>"; };
		22BEDF9F274588A100BDF63D /* LocationManager.swift */ = {isa = PBXFileReference; lastKnownFileType = sourcecode.swift; path = LocationManager.swift; sourceTree = "<group>"; };
		22BEDFA12745989600BDF63D /* LocationFetcher.swift */ = {isa = PBXFileReference; lastKnownFileType = sourcecode.swift; path = LocationFetcher.swift; sourceTree = "<group>"; };
		22BEDFA42745994200BDF63D /* LocationManagerTests.swift */ = {isa = PBXFileReference; lastKnownFileType = sourcecode.swift; path = LocationManagerTests.swift; sourceTree = "<group>"; };
		22BEDFA92745A5EA00BDF63D /* NetworkManager.swift */ = {isa = PBXFileReference; lastKnownFileType = sourcecode.swift; path = NetworkManager.swift; sourceTree = "<group>"; };
		22BEDFAC2745A60300BDF63D /* Network.swift */ = {isa = PBXFileReference; lastKnownFileType = sourcecode.swift; path = Network.swift; sourceTree = "<group>"; };
		22BEDFAE2745A72700BDF63D /* RequestBuildable.swift */ = {isa = PBXFileReference; lastKnownFileType = sourcecode.swift; path = RequestBuildable.swift; sourceTree = "<group>"; };
		22BEDFB02745A74A00BDF63D /* ParameterEncoding.swift */ = {isa = PBXFileReference; lastKnownFileType = sourcecode.swift; path = ParameterEncoding.swift; sourceTree = "<group>"; };
		22BEDFB22745A75C00BDF63D /* URLEncoder.swift */ = {isa = PBXFileReference; lastKnownFileType = sourcecode.swift; path = URLEncoder.swift; sourceTree = "<group>"; };
		22BEDFB42745A76A00BDF63D /* JSONEncoder.swift */ = {isa = PBXFileReference; lastKnownFileType = sourcecode.swift; path = JSONEncoder.swift; sourceTree = "<group>"; };
		22BEDFB72745AAA800BDF63D /* URLEncoderTests.swift */ = {isa = PBXFileReference; lastKnownFileType = sourcecode.swift; path = URLEncoderTests.swift; sourceTree = "<group>"; };
		22BEDFB92745AB5500BDF63D /* JSONEncoderTests.swift */ = {isa = PBXFileReference; lastKnownFileType = sourcecode.swift; path = JSONEncoderTests.swift; sourceTree = "<group>"; };
		22BEDFBB2745ABA600BDF63D /* MockURLProtocol.swift */ = {isa = PBXFileReference; lastKnownFileType = sourcecode.swift; path = MockURLProtocol.swift; sourceTree = "<group>"; };
		22BEDFC3274628EB00BDF63D /* NetworkManagerTests.swift */ = {isa = PBXFileReference; lastKnownFileType = sourcecode.swift; path = NetworkManagerTests.swift; sourceTree = "<group>"; };
		22BEDFC827463C2700BDF63D /* VenueListQuery.swift */ = {isa = PBXFileReference; lastKnownFileType = sourcecode.swift; path = VenueListQuery.swift; sourceTree = "<group>"; };
		22BEDFCB27463C4C00BDF63D /* VenueListRequest.swift */ = {isa = PBXFileReference; lastKnownFileType = sourcecode.swift; path = VenueListRequest.swift; sourceTree = "<group>"; };
		22BEDFCE274649AA00BDF63D /* VenueListServerResponse.swift */ = {isa = PBXFileReference; lastKnownFileType = sourcecode.swift; path = VenueListServerResponse.swift; sourceTree = "<group>"; };
		22BEDFD02746525800BDF63D /* VenueListResponse.json */ = {isa = PBXFileReference; lastKnownFileType = text.json; path = VenueListResponse.json; sourceTree = "<group>"; };
		22BEDFD82746638B00BDF63D /* VenueListRequestTests.swift */ = {isa = PBXFileReference; fileEncoding = 4; lastKnownFileType = sourcecode.swift; path = VenueListRequestTests.swift; sourceTree = "<group>"; };
		22BEDFDA274664A700BDF63D /* File.swift */ = {isa = PBXFileReference; lastKnownFileType = sourcecode.swift; path = File.swift; sourceTree = "<group>"; };
		22BEDFDE2746658A00BDF63D /* FailedVenueListResponse.json */ = {isa = PBXFileReference; lastKnownFileType = text.json; path = FailedVenueListResponse.json; sourceTree = "<group>"; };
		22BEDFE2274669D100BDF63D /* VenueListRepository.swift */ = {isa = PBXFileReference; lastKnownFileType = sourcecode.swift; path = VenueListRepository.swift; sourceTree = "<group>"; };
		22BEDFE427466A4100BDF63D /* VenueListUseCase.swift */ = {isa = PBXFileReference; lastKnownFileType = sourcecode.swift; path = VenueListUseCase.swift; sourceTree = "<group>"; };
		22BEDFE92746747900BDF63D /* VenueListViewModel.swift */ = {isa = PBXFileReference; lastKnownFileType = sourcecode.swift; path = VenueListViewModel.swift; sourceTree = "<group>"; };
		22BEDFED274678DB00BDF63D /* PrimaryCardViewStyle.swift */ = {isa = PBXFileReference; lastKnownFileType = sourcecode.swift; path = PrimaryCardViewStyle.swift; sourceTree = "<group>"; };
		22BEDFF32746BF8100BDF63D /* AppState.swift */ = {isa = PBXFileReference; lastKnownFileType = sourcecode.swift; path = AppState.swift; sourceTree = "<group>"; };
		22BEDFF52746C0B700BDF63D /* VenueListRepositoryTest.swift */ = {isa = PBXFileReference; lastKnownFileType = sourcecode.swift; path = VenueListRepositoryTest.swift; sourceTree = "<group>"; };
		22BEDFF72746C4CD00BDF63D /* VenueListUseCaseTests.swift */ = {isa = PBXFileReference; lastKnownFileType = sourcecode.swift; path = VenueListUseCaseTests.swift; sourceTree = "<group>"; };
		22BEDFF92746C74A00BDF63D /* VenueListViewModelTests.swift */ = {isa = PBXFileReference; lastKnownFileType = sourcecode.swift; path = VenueListViewModelTests.swift; sourceTree = "<group>"; };
		22BEDFFC2746D34B00BDF63D /* VenueListView.swift */ = {isa = PBXFileReference; fileEncoding = 4; lastKnownFileType = sourcecode.swift; path = VenueListView.swift; sourceTree = "<group>"; };
		22BEDFFD2746D34B00BDF63D /* VenueCardView.swift */ = {isa = PBXFileReference; fileEncoding = 4; lastKnownFileType = sourcecode.swift; path = VenueCardView.swift; sourceTree = "<group>"; };
		22BEE0002746D6E200BDF63D /* VenueListReponse.swift */ = {isa = PBXFileReference; lastKnownFileType = sourcecode.swift; path = VenueListReponse.swift; sourceTree = "<group>"; };
		22BEE0022746D91700BDF63D /* LocationPermissionPlaceholder.swift */ = {isa = PBXFileReference; lastKnownFileType = sourcecode.swift; path = LocationPermissionPlaceholder.swift; sourceTree = "<group>"; };
		22F8A2A227470EA900EFB960 /* VenueDetailResponse.swift */ = {isa = PBXFileReference; lastKnownFileType = sourcecode.swift; path = VenueDetailResponse.swift; sourceTree = "<group>"; };
		22F8A2A627470F0F00EFB960 /* VenueDetailsUseCase.swift */ = {isa = PBXFileReference; lastKnownFileType = sourcecode.swift; path = VenueDetailsUseCase.swift; sourceTree = "<group>"; };
		22F8A2A92747101000EFB960 /* VenueDetailsRepository.swift */ = {isa = PBXFileReference; lastKnownFileType = sourcecode.swift; path = VenueDetailsRepository.swift; sourceTree = "<group>"; };
		22F8A2AC2747114200EFB960 /* VenueDetailsRequest.swift */ = {isa = PBXFileReference; lastKnownFileType = sourcecode.swift; path = VenueDetailsRequest.swift; sourceTree = "<group>"; };
		22F8A2B227479D2800EFB960 /* VenueDetailsRepositoryTests.swift */ = {isa = PBXFileReference; lastKnownFileType = sourcecode.swift; path = VenueDetailsRepositoryTests.swift; sourceTree = "<group>"; };
		22F8A2B427479D4800EFB960 /* VenueDetailsUseCaseTests.swift */ = {isa = PBXFileReference; lastKnownFileType = sourcecode.swift; path = VenueDetailsUseCaseTests.swift; sourceTree = "<group>"; };
		22F8A2B827479E0700EFB960 /* VenueDetailsView.json */ = {isa = PBXFileReference; lastKnownFileType = text.json; path = VenueDetailsView.json; sourceTree = "<group>"; };
		22F8A2BA2747A2FD00EFB960 /* VenueDetailsRequestTests.swift */ = {isa = PBXFileReference; lastKnownFileType = sourcecode.swift; path = VenueDetailsRequestTests.swift; sourceTree = "<group>"; };
		48D717C040F209C637CE4F14 /* Pods-CoffeeExplorer-CoffeeExplorerUITests.release.xcconfig */ = {isa = PBXFileReference; includeInIndex = 1; lastKnownFileType = text.xcconfig; name = "Pods-CoffeeExplorer-CoffeeExplorerUITests.release.xcconfig"; path = "Target Support Files/Pods-CoffeeExplorer-CoffeeExplorerUITests/Pods-CoffeeExplorer-CoffeeExplorerUITests.release.xcconfig"; sourceTree = "<group>"; };
		6C4F22168C57A56369D5BC34 /* Pods-CoffeeExplorerTests.debug.xcconfig */ = {isa = PBXFileReference; includeInIndex = 1; lastKnownFileType = text.xcconfig; name = "Pods-CoffeeExplorerTests.debug.xcconfig"; path = "Target Support Files/Pods-CoffeeExplorerTests/Pods-CoffeeExplorerTests.debug.xcconfig"; sourceTree = "<group>"; };
		72B7DA16C9E96FF6B48C39B4 /* Pods-CoffeeExplorer-CoffeeExplorerUITests.debug.xcconfig */ = {isa = PBXFileReference; includeInIndex = 1; lastKnownFileType = text.xcconfig; name = "Pods-CoffeeExplorer-CoffeeExplorerUITests.debug.xcconfig"; path = "Target Support Files/Pods-CoffeeExplorer-CoffeeExplorerUITests/Pods-CoffeeExplorer-CoffeeExplorerUITests.debug.xcconfig"; sourceTree = "<group>"; };
		8617717797F6EF62EA5C89B1 /* Pods_CoffeeExplorerTests.framework */ = {isa = PBXFileReference; explicitFileType = wrapper.framework; includeInIndex = 0; path = Pods_CoffeeExplorerTests.framework; sourceTree = BUILT_PRODUCTS_DIR; };
		F798142925B96CF428E0422D /* Pods-CoffeeExplorerTests.release.xcconfig */ = {isa = PBXFileReference; includeInIndex = 1; lastKnownFileType = text.xcconfig; name = "Pods-CoffeeExplorerTests.release.xcconfig"; path = "Target Support Files/Pods-CoffeeExplorerTests/Pods-CoffeeExplorerTests.release.xcconfig"; sourceTree = "<group>"; };
		F88FFA2E0B0900D5D2D5A1D2 /* Pods-CoffeeExplorer.debug.xcconfig */ = {isa = PBXFileReference; includeInIndex = 1; lastKnownFileType = text.xcconfig; name = "Pods-CoffeeExplorer.debug.xcconfig"; path = "Target Support Files/Pods-CoffeeExplorer/Pods-CoffeeExplorer.debug.xcconfig"; sourceTree = "<group>"; };
		FEA5ED44479A346D9702E570 /* Pods-CoffeeExplorer.release.xcconfig */ = {isa = PBXFileReference; includeInIndex = 1; lastKnownFileType = text.xcconfig; name = "Pods-CoffeeExplorer.release.xcconfig"; path = "Target Support Files/Pods-CoffeeExplorer/Pods-CoffeeExplorer.release.xcconfig"; sourceTree = "<group>"; };
		FF531ECE75871AC73BEFE17B /* Pods_CoffeeExplorer_CoffeeExplorerUITests.framework */ = {isa = PBXFileReference; explicitFileType = wrapper.framework; includeInIndex = 0; path = Pods_CoffeeExplorer_CoffeeExplorerUITests.framework; sourceTree = BUILT_PRODUCTS_DIR; };
/* End PBXFileReference section */

/* Begin PBXFrameworksBuildPhase section */
		22A9C2D027454F2000A08A3F /* Frameworks */ = {
			isa = PBXFrameworksBuildPhase;
			buildActionMask = 2147483647;
			files = (
				BB3B27BC90A05DE6CEEF8B09 /* Pods_CoffeeExplorer.framework in Frameworks */,
			);
			runOnlyForDeploymentPostprocessing = 0;
		};
		22A9C2E027454F2200A08A3F /* Frameworks */ = {
			isa = PBXFrameworksBuildPhase;
			buildActionMask = 2147483647;
			files = (
				19852A4384D40D20C5427A33 /* Pods_CoffeeExplorerTests.framework in Frameworks */,
			);
			runOnlyForDeploymentPostprocessing = 0;
		};
		22A9C2EA27454F2200A08A3F /* Frameworks */ = {
			isa = PBXFrameworksBuildPhase;
			buildActionMask = 2147483647;
			files = (
				258B720A5FF9957929576401 /* Pods_CoffeeExplorer_CoffeeExplorerUITests.framework in Frameworks */,
			);
			runOnlyForDeploymentPostprocessing = 0;
		};
/* End PBXFrameworksBuildPhase section */

/* Begin PBXGroup section */
		22A9C2CA27454F2000A08A3F = {
			isa = PBXGroup;
			children = (
				22A9C2D527454F2000A08A3F /* CoffeeExplorer */,
				22A9C2E627454F2200A08A3F /* CoffeeExplorerTests */,
				22A9C2F027454F2200A08A3F /* CoffeeExplorerUITests */,
				22A9C2D427454F2000A08A3F /* Products */,
				FBEF51A80082D5B22059B40B /* Pods */,
				C3969701E42FBB672A175A48 /* Frameworks */,
			);
			sourceTree = "<group>";
		};
		22A9C2D427454F2000A08A3F /* Products */ = {
			isa = PBXGroup;
			children = (
				22A9C2D327454F2000A08A3F /* CoffeeExplorer.app */,
				22A9C2E327454F2200A08A3F /* CoffeeExplorerTests.xctest */,
				22A9C2ED27454F2200A08A3F /* CoffeeExplorerUITests.xctest */,
			);
			name = Products;
			sourceTree = "<group>";
		};
		22A9C2D527454F2000A08A3F /* CoffeeExplorer */ = {
			isa = PBXGroup;
			children = (
				22A9C300274551C400A08A3F /* App */,
				22A9C301274551DB00A08A3F /* Feature */,
				22BEDF73274554AB00BDF63D /* Shared */,
				22BEDF6B2745536800BDF63D /* Resources */,
				22BEDF772745559E00BDF63D /* Info.plist */,
				22A9C2DC27454F2200A08A3F /* Preview Content */,
			);
			path = CoffeeExplorer;
			sourceTree = "<group>";
		};
		22A9C2DC27454F2200A08A3F /* Preview Content */ = {
			isa = PBXGroup;
			children = (
				22A9C2DD27454F2200A08A3F /* Preview Assets.xcassets */,
			);
			path = "Preview Content";
			sourceTree = "<group>";
		};
		22A9C2E627454F2200A08A3F /* CoffeeExplorerTests */ = {
			isa = PBXGroup;
			children = (
				22F8A2B127479D0800EFB960 /* VenueDetails */,
				22BEDFD227465F3F00BDF63D /* VenueList */,
				22BEDFB62745AA9800BDF63D /* Network */,
				22BEDFA32745992300BDF63D /* Location */,
				22BEDF9327457AD700BDF63D /* UserDefault */,
				22A9C2E727454F2200A08A3F /* CoffeeExplorerTests.swift */,
				22BEDFDA274664A700BDF63D /* File.swift */,
			);
			path = CoffeeExplorerTests;
			sourceTree = "<group>";
		};
		22A9C2F027454F2200A08A3F /* CoffeeExplorerUITests */ = {
			isa = PBXGroup;
			children = (
				22A9C2F127454F2200A08A3F /* CoffeeExplorerUITests.swift */,
				22A9C2F327454F2200A08A3F /* CoffeeExplorerUITestsLaunchTests.swift */,
			);
			path = CoffeeExplorerUITests;
			sourceTree = "<group>";
		};
		22A9C300274551C400A08A3F /* App */ = {
			isa = PBXGroup;
			children = (
				22BEDFF22746BF7300BDF63D /* AppState */,
				22A9C2D627454F2000A08A3F /* CoffeeExplorerApp.swift */,
			);
			path = App;
			sourceTree = "<group>";
		};
		22A9C301274551DB00A08A3F /* Feature */ = {
			isa = PBXGroup;
			children = (
				22F8A29F2746F44600EFB960 /* VenueDetails */,
				22BEDFC527463BCC00BDF63D /* VenueList */,
				22BEDF9027456C2900BDF63D /* RootView */,
				22BEDF8227455A6800BDF63D /* OnBoarding */,
				22A9C302274551F200A08A3F /* Home */,
			);
			path = Feature;
			sourceTree = "<group>";
		};
		22A9C302274551F200A08A3F /* Home */ = {
			isa = PBXGroup;
			children = (
				22A9C2D827454F2000A08A3F /* HomeView.swift */,
				22BEE0022746D91700BDF63D /* LocationPermissionPlaceholder.swift */,
			);
			path = Home;
			sourceTree = "<group>";
		};
		22BEDF6B2745536800BDF63D /* Resources */ = {
			isa = PBXGroup;
			children = (
				22BEDF782745564D00BDF63D /* Localization */,
				22BEDF6C274553E300BDF63D /* Font */,
				22A9C2DA27454F2200A08A3F /* Assets.xcassets */,
				22BEDF85274562DE00BDF63D /* Colors.xcassets */,
			);
			path = Resources;
			sourceTree = "<group>";
		};
		22BEDF6C274553E300BDF63D /* Font */ = {
			isa = PBXGroup;
			children = (
				22BEDF6D2745548C00BDF63D /* Poppins-Bold.ttf */,
				22BEDF6F2745548C00BDF63D /* Poppins-Medium.ttf */,
				22BEDF6E2745548C00BDF63D /* Poppins-Regular.ttf */,
			);
			path = Font;
			sourceTree = "<group>";
		};
		22BEDF73274554AB00BDF63D /* Shared */ = {
			isa = PBXGroup;
			children = (
				22BEDFEB2746780300BDF63D /* Modifier */,
				22BEDFA62745A57000BDF63D /* Network */,
				22BEDF9E2745875B00BDF63D /* Location */,
				22BEDF9927457EF800BDF63D /* UserDefaultWrapper */,
				22BEDF8A274563C500BDF63D /* ButtonStyles */,
				22BEDF872745632200BDF63D /* ColorPalette */,
				22BEDF74274554E700BDF63D /* Extension */,
			);
			path = Shared;
			sourceTree = "<group>";
		};
		22BEDF74274554E700BDF63D /* Extension */ = {
			isa = PBXGroup;
			children = (
				22BEDF752745550B00BDF63D /* Font+Poppins.swift */,
				22BEDF80274556F500BDF63D /* String+Localization.swift */,
			);
			path = Extension;
			sourceTree = "<group>";
		};
		22BEDF782745564D00BDF63D /* Localization */ = {
			isa = PBXGroup;
			children = (
				22BEDF7D2745567000BDF63D /* Localizable.strings */,
			);
			path = Localization;
			sourceTree = "<group>";
		};
		22BEDF8227455A6800BDF63D /* OnBoarding */ = {
			isa = PBXGroup;
			children = (
				22BEDF8327455A9D00BDF63D /* OnBoardingView.swift */,
			);
			path = OnBoarding;
			sourceTree = "<group>";
		};
		22BEDF872745632200BDF63D /* ColorPalette */ = {
			isa = PBXGroup;
			children = (
				22BEDF882745633000BDF63D /* ColorPalette.swift */,
			);
			path = ColorPalette;
			sourceTree = "<group>";
		};
		22BEDF8A274563C500BDF63D /* ButtonStyles */ = {
			isa = PBXGroup;
			children = (
				22BEDF8B274563F400BDF63D /* PrimaryButtonStyle.swift */,
			);
			path = ButtonStyles;
			sourceTree = "<group>";
		};
		22BEDF9027456C2900BDF63D /* RootView */ = {
			isa = PBXGroup;
			children = (
				22BEDF9827457ED000BDF63D /* ViewModel */,
				22BEDF9127456CAD00BDF63D /* RootView.swift */,
			);
			path = RootView;
			sourceTree = "<group>";
		};
		22BEDF9327457AD700BDF63D /* UserDefault */ = {
			isa = PBXGroup;
			children = (
				22BEDF9427457B3300BDF63D /* UserDefaultWrapperTest.swift */,
			);
			path = UserDefault;
			sourceTree = "<group>";
		};
		22BEDF9827457ED000BDF63D /* ViewModel */ = {
			isa = PBXGroup;
			children = (
				22BEDF9627457EC700BDF63D /* RootViewModel.swift */,
			);
			path = ViewModel;
			sourceTree = "<group>";
		};
		22BEDF9927457EF800BDF63D /* UserDefaultWrapper */ = {
			isa = PBXGroup;
			children = (
				22BEDF9A27457F0300BDF63D /* UserDefault.swift */,
			);
			path = UserDefaultWrapper;
			sourceTree = "<group>";
		};
		22BEDF9E2745875B00BDF63D /* Location */ = {
			isa = PBXGroup;
			children = (
				22BEDF9F274588A100BDF63D /* LocationManager.swift */,
				22BEDFA12745989600BDF63D /* LocationFetcher.swift */,
			);
			path = Location;
			sourceTree = "<group>";
		};
		22BEDFA32745992300BDF63D /* Location */ = {
			isa = PBXGroup;
			children = (
				22BEDFA42745994200BDF63D /* LocationManagerTests.swift */,
			);
			path = Location;
			sourceTree = "<group>";
		};
		22BEDFA62745A57000BDF63D /* Network */ = {
			isa = PBXGroup;
			children = (
				22BEDFA82745A59800BDF63D /* RequestBuildable */,
				22BEDFA72745A58D00BDF63D /* Encoding */,
				22BEDFA92745A5EA00BDF63D /* NetworkManager.swift */,
				22BEDFAC2745A60300BDF63D /* Network.swift */,
			);
			path = Network;
			sourceTree = "<group>";
		};
		22BEDFA72745A58D00BDF63D /* Encoding */ = {
			isa = PBXGroup;
			children = (
				22BEDFB02745A74A00BDF63D /* ParameterEncoding.swift */,
				22BEDFB22745A75C00BDF63D /* URLEncoder.swift */,
				22BEDFB42745A76A00BDF63D /* JSONEncoder.swift */,
			);
			path = Encoding;
			sourceTree = "<group>";
		};
		22BEDFA82745A59800BDF63D /* RequestBuildable */ = {
			isa = PBXGroup;
			children = (
				22BEDFAE2745A72700BDF63D /* RequestBuildable.swift */,
			);
			path = RequestBuildable;
			sourceTree = "<group>";
		};
		22BEDFB62745AA9800BDF63D /* Network */ = {
			isa = PBXGroup;
			children = (
				22BEDFBD2745ABBF00BDF63D /* Encoding */,
				22BEDFBB2745ABA600BDF63D /* MockURLProtocol.swift */,
				22BEDFC3274628EB00BDF63D /* NetworkManagerTests.swift */,
				22BEDFD02746525800BDF63D /* VenueListResponse.json */,
				22BEDFDE2746658A00BDF63D /* FailedVenueListResponse.json */,
				22F8A2B827479E0700EFB960 /* VenueDetailsView.json */,
			);
			path = Network;
			sourceTree = "<group>";
		};
		22BEDFBD2745ABBF00BDF63D /* Encoding */ = {
			isa = PBXGroup;
			children = (
				22BEDFB72745AAA800BDF63D /* URLEncoderTests.swift */,
				22BEDFB92745AB5500BDF63D /* JSONEncoderTests.swift */,
			);
			path = Encoding;
			sourceTree = "<group>";
		};
		22BEDFC527463BCC00BDF63D /* VenueList */ = {
			isa = PBXGroup;
			children = (
				22BEDFFB2746D34B00BDF63D /* View */,
				22BEDFE82746744200BDF63D /* VieweModel */,
				22BEDFE1274669A100BDF63D /* UseCase */,
				22BEDFE02746698C00BDF63D /* Repository */,
				22BEDFCD2746498700BDF63D /* Models */,
				22BEDFC627463BF200BDF63D /* Request */,
			);
			path = VenueList;
			sourceTree = "<group>";
		};
		22BEDFC627463BF200BDF63D /* Request */ = {
			isa = PBXGroup;
			children = (
				22BEDFC827463C2700BDF63D /* VenueListQuery.swift */,
				22BEDFCB27463C4C00BDF63D /* VenueListRequest.swift */,
			);
			path = Request;
			sourceTree = "<group>";
		};
		22BEDFCD2746498700BDF63D /* Models */ = {
			isa = PBXGroup;
			children = (
				22BEDFCE274649AA00BDF63D /* VenueListServerResponse.swift */,
				22BEE0002746D6E200BDF63D /* VenueListReponse.swift */,
			);
			path = Models;
			sourceTree = "<group>";
		};
		22BEDFD227465F3F00BDF63D /* VenueList */ = {
			isa = PBXGroup;
			children = (
				22BEDFD82746638B00BDF63D /* VenueListRequestTests.swift */,
				22BEDFF52746C0B700BDF63D /* VenueListRepositoryTest.swift */,
				22BEDFF72746C4CD00BDF63D /* VenueListUseCaseTests.swift */,
				22BEDFF92746C74A00BDF63D /* VenueListViewModelTests.swift */,
			);
			path = VenueList;
			sourceTree = "<group>";
		};
		22BEDFE02746698C00BDF63D /* Repository */ = {
			isa = PBXGroup;
			children = (
				22BEDFE2274669D100BDF63D /* VenueListRepository.swift */,
			);
			path = Repository;
			sourceTree = "<group>";
		};
		22BEDFE1274669A100BDF63D /* UseCase */ = {
			isa = PBXGroup;
			children = (
				22BEDFE427466A4100BDF63D /* VenueListUseCase.swift */,
			);
			path = UseCase;
			sourceTree = "<group>";
		};
		22BEDFE82746744200BDF63D /* VieweModel */ = {
			isa = PBXGroup;
			children = (
				22BEDFE92746747900BDF63D /* VenueListViewModel.swift */,
			);
			path = VieweModel;
			sourceTree = "<group>";
		};
		22BEDFEB2746780300BDF63D /* Modifier */ = {
			isa = PBXGroup;
			children = (
				22BEDFED274678DB00BDF63D /* PrimaryCardViewStyle.swift */,
			);
			path = Modifier;
			sourceTree = "<group>";
		};
		22BEDFF22746BF7300BDF63D /* AppState */ = {
			isa = PBXGroup;
			children = (
				22BEDFF32746BF8100BDF63D /* AppState.swift */,
			);
			path = AppState;
			sourceTree = "<group>";
		};
		22BEDFFB2746D34B00BDF63D /* View */ = {
			isa = PBXGroup;
			children = (
				22BEDFFC2746D34B00BDF63D /* VenueListView.swift */,
				22BEDFFD2746D34B00BDF63D /* VenueCardView.swift */,
			);
			path = View;
			sourceTree = "<group>";
		};
		22F8A29F2746F44600EFB960 /* VenueDetails */ = {
			isa = PBXGroup;
			children = (
				22F8A2AE27479B4D00EFB960 /* Models */,
				22F8A2AB2747113200EFB960 /* Request */,
				22F8A2A827470FF400EFB960 /* Repository */,
				22F8A2A427470ECF00EFB960 /* UseCase */,
			);
			path = VenueDetails;
			sourceTree = "<group>";
		};
		22F8A2A427470ECF00EFB960 /* UseCase */ = {
			isa = PBXGroup;
			children = (
				22F8A2A627470F0F00EFB960 /* VenueDetailsUseCase.swift */,
			);
			path = UseCase;
			sourceTree = "<group>";
		};
		22F8A2A827470FF400EFB960 /* Repository */ = {
			isa = PBXGroup;
			children = (
				22F8A2A92747101000EFB960 /* VenueDetailsRepository.swift */,
			);
			path = Repository;
			sourceTree = "<group>";
		};
		22F8A2AB2747113200EFB960 /* Request */ = {
			isa = PBXGroup;
			children = (
				22F8A2AC2747114200EFB960 /* VenueDetailsRequest.swift */,
			);
			path = Request;
			sourceTree = "<group>";
		};
		22F8A2AE27479B4D00EFB960 /* Models */ = {
			isa = PBXGroup;
			children = (
				22F8A2A227470EA900EFB960 /* VenueDetailResponse.swift */,
			);
			path = Models;
			sourceTree = "<group>";
		};
		22F8A2B127479D0800EFB960 /* VenueDetails */ = {
			isa = PBXGroup;
			children = (
				22F8A2B227479D2800EFB960 /* VenueDetailsRepositoryTests.swift */,
				22F8A2B427479D4800EFB960 /* VenueDetailsUseCaseTests.swift */,
				22F8A2BA2747A2FD00EFB960 /* VenueDetailsRequestTests.swift */,
			);
			path = VenueDetails;
			sourceTree = "<group>";
		};
		C3969701E42FBB672A175A48 /* Frameworks */ = {
			isa = PBXGroup;
			children = (
				228CB1D197EF61B8FF6F09DC /* Pods_CoffeeExplorer.framework */,
				FF531ECE75871AC73BEFE17B /* Pods_CoffeeExplorer_CoffeeExplorerUITests.framework */,
				8617717797F6EF62EA5C89B1 /* Pods_CoffeeExplorerTests.framework */,
			);
			name = Frameworks;
			sourceTree = "<group>";
		};
		FBEF51A80082D5B22059B40B /* Pods */ = {
			isa = PBXGroup;
			children = (
				F88FFA2E0B0900D5D2D5A1D2 /* Pods-CoffeeExplorer.debug.xcconfig */,
				FEA5ED44479A346D9702E570 /* Pods-CoffeeExplorer.release.xcconfig */,
				72B7DA16C9E96FF6B48C39B4 /* Pods-CoffeeExplorer-CoffeeExplorerUITests.debug.xcconfig */,
				48D717C040F209C637CE4F14 /* Pods-CoffeeExplorer-CoffeeExplorerUITests.release.xcconfig */,
				6C4F22168C57A56369D5BC34 /* Pods-CoffeeExplorerTests.debug.xcconfig */,
				F798142925B96CF428E0422D /* Pods-CoffeeExplorerTests.release.xcconfig */,
			);
			path = Pods;
			sourceTree = "<group>";
		};
/* End PBXGroup section */

/* Begin PBXNativeTarget section */
		22A9C2D227454F2000A08A3F /* CoffeeExplorer */ = {
			isa = PBXNativeTarget;
			buildConfigurationList = 22A9C2F727454F2200A08A3F /* Build configuration list for PBXNativeTarget "CoffeeExplorer" */;
			buildPhases = (
				F4FBDD9743F985530999205D /* [CP] Check Pods Manifest.lock */,
				22A9C2CF27454F2000A08A3F /* Sources */,
				22A9C2D027454F2000A08A3F /* Frameworks */,
				22A9C2D127454F2000A08A3F /* Resources */,
				E5E40776B17A21E8FA728B0F /* [CP] Embed Pods Frameworks */,
			);
			buildRules = (
			);
			dependencies = (
			);
			name = CoffeeExplorer;
			productName = CoffeeExplorer;
			productReference = 22A9C2D327454F2000A08A3F /* CoffeeExplorer.app */;
			productType = "com.apple.product-type.application";
		};
		22A9C2E227454F2200A08A3F /* CoffeeExplorerTests */ = {
			isa = PBXNativeTarget;
			buildConfigurationList = 22A9C2FA27454F2200A08A3F /* Build configuration list for PBXNativeTarget "CoffeeExplorerTests" */;
			buildPhases = (
				2A1A5039DAFB0063284291E9 /* [CP] Check Pods Manifest.lock */,
				22A9C2DF27454F2200A08A3F /* Sources */,
				22A9C2E027454F2200A08A3F /* Frameworks */,
				22A9C2E127454F2200A08A3F /* Resources */,
			);
			buildRules = (
			);
			dependencies = (
				22A9C2E527454F2200A08A3F /* PBXTargetDependency */,
			);
			name = CoffeeExplorerTests;
			productName = CoffeeExplorerTests;
			productReference = 22A9C2E327454F2200A08A3F /* CoffeeExplorerTests.xctest */;
			productType = "com.apple.product-type.bundle.unit-test";
		};
		22A9C2EC27454F2200A08A3F /* CoffeeExplorerUITests */ = {
			isa = PBXNativeTarget;
			buildConfigurationList = 22A9C2FD27454F2200A08A3F /* Build configuration list for PBXNativeTarget "CoffeeExplorerUITests" */;
			buildPhases = (
				41F4E26F3AC04496D54AEAA1 /* [CP] Check Pods Manifest.lock */,
				22A9C2E927454F2200A08A3F /* Sources */,
				22A9C2EA27454F2200A08A3F /* Frameworks */,
				22A9C2EB27454F2200A08A3F /* Resources */,
				4D6DBA8787F0C4E220A6F763 /* [CP] Embed Pods Frameworks */,
			);
			buildRules = (
			);
			dependencies = (
				22A9C2EF27454F2200A08A3F /* PBXTargetDependency */,
			);
			name = CoffeeExplorerUITests;
			productName = CoffeeExplorerUITests;
			productReference = 22A9C2ED27454F2200A08A3F /* CoffeeExplorerUITests.xctest */;
			productType = "com.apple.product-type.bundle.ui-testing";
		};
/* End PBXNativeTarget section */

/* Begin PBXProject section */
		22A9C2CB27454F2000A08A3F /* Project object */ = {
			isa = PBXProject;
			attributes = {
				BuildIndependentTargetsInParallel = 1;
				LastSwiftUpdateCheck = 1310;
				LastUpgradeCheck = 1310;
				TargetAttributes = {
					22A9C2D227454F2000A08A3F = {
						CreatedOnToolsVersion = 13.1;
					};
					22A9C2E227454F2200A08A3F = {
						CreatedOnToolsVersion = 13.1;
						TestTargetID = 22A9C2D227454F2000A08A3F;
					};
					22A9C2EC27454F2200A08A3F = {
						CreatedOnToolsVersion = 13.1;
						TestTargetID = 22A9C2D227454F2000A08A3F;
					};
				};
			};
			buildConfigurationList = 22A9C2CE27454F2000A08A3F /* Build configuration list for PBXProject "CoffeeExplorer" */;
			compatibilityVersion = "Xcode 13.0";
			developmentRegion = en;
			hasScannedForEncodings = 0;
			knownRegions = (
				en,
				Base,
				ar,
			);
			mainGroup = 22A9C2CA27454F2000A08A3F;
			productRefGroup = 22A9C2D427454F2000A08A3F /* Products */;
			projectDirPath = "";
			projectRoot = "";
			targets = (
				22A9C2D227454F2000A08A3F /* CoffeeExplorer */,
				22A9C2E227454F2200A08A3F /* CoffeeExplorerTests */,
				22A9C2EC27454F2200A08A3F /* CoffeeExplorerUITests */,
			);
		};
/* End PBXProject section */

/* Begin PBXResourcesBuildPhase section */
		22A9C2D127454F2000A08A3F /* Resources */ = {
			isa = PBXResourcesBuildPhase;
			buildActionMask = 2147483647;
			files = (
				22A9C2DE27454F2200A08A3F /* Preview Assets.xcassets in Resources */,
				22BEDF7B2745567000BDF63D /* Localizable.strings in Resources */,
				22BEDF702745548C00BDF63D /* Poppins-Bold.ttf in Resources */,
				22A9C2DB27454F2200A08A3F /* Assets.xcassets in Resources */,
				22BEDF712745548C00BDF63D /* Poppins-Regular.ttf in Resources */,
				22BEDF722745548C00BDF63D /* Poppins-Medium.ttf in Resources */,
				22BEDF86274562DE00BDF63D /* Colors.xcassets in Resources */,
			);
			runOnlyForDeploymentPostprocessing = 0;
		};
		22A9C2E127454F2200A08A3F /* Resources */ = {
			isa = PBXResourcesBuildPhase;
			buildActionMask = 2147483647;
			files = (
				22F8A2B927479E0700EFB960 /* VenueDetailsView.json in Resources */,
				22BEDFD12746525800BDF63D /* VenueListResponse.json in Resources */,
				22BEDFDF2746658A00BDF63D /* FailedVenueListResponse.json in Resources */,
			);
			runOnlyForDeploymentPostprocessing = 0;
		};
		22A9C2EB27454F2200A08A3F /* Resources */ = {
			isa = PBXResourcesBuildPhase;
			buildActionMask = 2147483647;
			files = (
			);
			runOnlyForDeploymentPostprocessing = 0;
		};
/* End PBXResourcesBuildPhase section */

/* Begin PBXShellScriptBuildPhase section */
		2A1A5039DAFB0063284291E9 /* [CP] Check Pods Manifest.lock */ = {
			isa = PBXShellScriptBuildPhase;
			buildActionMask = 2147483647;
			files = (
			);
			inputFileListPaths = (
			);
			inputPaths = (
				"${PODS_PODFILE_DIR_PATH}/Podfile.lock",
				"${PODS_ROOT}/Manifest.lock",
			);
			name = "[CP] Check Pods Manifest.lock";
			outputFileListPaths = (
			);
			outputPaths = (
				"$(DERIVED_FILE_DIR)/Pods-CoffeeExplorerTests-checkManifestLockResult.txt",
			);
			runOnlyForDeploymentPostprocessing = 0;
			shellPath = /bin/sh;
			shellScript = "diff \"${PODS_PODFILE_DIR_PATH}/Podfile.lock\" \"${PODS_ROOT}/Manifest.lock\" > /dev/null\nif [ $? != 0 ] ; then\n    # print error to STDERR\n    echo \"error: The sandbox is not in sync with the Podfile.lock. Run 'pod install' or update your CocoaPods installation.\" >&2\n    exit 1\nfi\n# This output is used by Xcode 'outputs' to avoid re-running this script phase.\necho \"SUCCESS\" > \"${SCRIPT_OUTPUT_FILE_0}\"\n";
			showEnvVarsInLog = 0;
		};
		41F4E26F3AC04496D54AEAA1 /* [CP] Check Pods Manifest.lock */ = {
			isa = PBXShellScriptBuildPhase;
			buildActionMask = 2147483647;
			files = (
			);
			inputFileListPaths = (
			);
			inputPaths = (
				"${PODS_PODFILE_DIR_PATH}/Podfile.lock",
				"${PODS_ROOT}/Manifest.lock",
			);
			name = "[CP] Check Pods Manifest.lock";
			outputFileListPaths = (
			);
			outputPaths = (
				"$(DERIVED_FILE_DIR)/Pods-CoffeeExplorer-CoffeeExplorerUITests-checkManifestLockResult.txt",
			);
			runOnlyForDeploymentPostprocessing = 0;
			shellPath = /bin/sh;
			shellScript = "diff \"${PODS_PODFILE_DIR_PATH}/Podfile.lock\" \"${PODS_ROOT}/Manifest.lock\" > /dev/null\nif [ $? != 0 ] ; then\n    # print error to STDERR\n    echo \"error: The sandbox is not in sync with the Podfile.lock. Run 'pod install' or update your CocoaPods installation.\" >&2\n    exit 1\nfi\n# This output is used by Xcode 'outputs' to avoid re-running this script phase.\necho \"SUCCESS\" > \"${SCRIPT_OUTPUT_FILE_0}\"\n";
			showEnvVarsInLog = 0;
		};
		4D6DBA8787F0C4E220A6F763 /* [CP] Embed Pods Frameworks */ = {
			isa = PBXShellScriptBuildPhase;
			buildActionMask = 2147483647;
			files = (
			);
			inputFileListPaths = (
				"${PODS_ROOT}/Target Support Files/Pods-CoffeeExplorer-CoffeeExplorerUITests/Pods-CoffeeExplorer-CoffeeExplorerUITests-frameworks-${CONFIGURATION}-input-files.xcfilelist",
			);
			name = "[CP] Embed Pods Frameworks";
			outputFileListPaths = (
				"${PODS_ROOT}/Target Support Files/Pods-CoffeeExplorer-CoffeeExplorerUITests/Pods-CoffeeExplorer-CoffeeExplorerUITests-frameworks-${CONFIGURATION}-output-files.xcfilelist",
			);
			runOnlyForDeploymentPostprocessing = 0;
			shellPath = /bin/sh;
			shellScript = "\"${PODS_ROOT}/Target Support Files/Pods-CoffeeExplorer-CoffeeExplorerUITests/Pods-CoffeeExplorer-CoffeeExplorerUITests-frameworks.sh\"\n";
			showEnvVarsInLog = 0;
		};
		E5E40776B17A21E8FA728B0F /* [CP] Embed Pods Frameworks */ = {
			isa = PBXShellScriptBuildPhase;
			buildActionMask = 2147483647;
			files = (
			);
			inputFileListPaths = (
				"${PODS_ROOT}/Target Support Files/Pods-CoffeeExplorer/Pods-CoffeeExplorer-frameworks-${CONFIGURATION}-input-files.xcfilelist",
			);
			name = "[CP] Embed Pods Frameworks";
			outputFileListPaths = (
				"${PODS_ROOT}/Target Support Files/Pods-CoffeeExplorer/Pods-CoffeeExplorer-frameworks-${CONFIGURATION}-output-files.xcfilelist",
			);
			runOnlyForDeploymentPostprocessing = 0;
			shellPath = /bin/sh;
			shellScript = "\"${PODS_ROOT}/Target Support Files/Pods-CoffeeExplorer/Pods-CoffeeExplorer-frameworks.sh\"\n";
			showEnvVarsInLog = 0;
		};
		F4FBDD9743F985530999205D /* [CP] Check Pods Manifest.lock */ = {
			isa = PBXShellScriptBuildPhase;
			buildActionMask = 2147483647;
			files = (
			);
			inputFileListPaths = (
			);
			inputPaths = (
				"${PODS_PODFILE_DIR_PATH}/Podfile.lock",
				"${PODS_ROOT}/Manifest.lock",
			);
			name = "[CP] Check Pods Manifest.lock";
			outputFileListPaths = (
			);
			outputPaths = (
				"$(DERIVED_FILE_DIR)/Pods-CoffeeExplorer-checkManifestLockResult.txt",
			);
			runOnlyForDeploymentPostprocessing = 0;
			shellPath = /bin/sh;
			shellScript = "diff \"${PODS_PODFILE_DIR_PATH}/Podfile.lock\" \"${PODS_ROOT}/Manifest.lock\" > /dev/null\nif [ $? != 0 ] ; then\n    # print error to STDERR\n    echo \"error: The sandbox is not in sync with the Podfile.lock. Run 'pod install' or update your CocoaPods installation.\" >&2\n    exit 1\nfi\n# This output is used by Xcode 'outputs' to avoid re-running this script phase.\necho \"SUCCESS\" > \"${SCRIPT_OUTPUT_FILE_0}\"\n";
			showEnvVarsInLog = 0;
		};
/* End PBXShellScriptBuildPhase section */

/* Begin PBXSourcesBuildPhase section */
		22A9C2CF27454F2000A08A3F /* Sources */ = {
			isa = PBXSourcesBuildPhase;
			buildActionMask = 2147483647;
			files = (
				22BEDFB32745A75C00BDF63D /* URLEncoder.swift in Sources */,
				22BEDF9227456CAD00BDF63D /* RootView.swift in Sources */,
				22BEDF8C274563F400BDF63D /* PrimaryButtonStyle.swift in Sources */,
				22BEDFA22745989600BDF63D /* LocationFetcher.swift in Sources */,
				22BEDFC927463C2700BDF63D /* VenueListQuery.swift in Sources */,
				22BEDFCC27463C4C00BDF63D /* VenueListRequest.swift in Sources */,
				22BEDFCF274649AA00BDF63D /* VenueListServerResponse.swift in Sources */,
				22BEDFB52745A76A00BDF63D /* JSONEncoder.swift in Sources */,
				22BEDFAA2745A5EA00BDF63D /* NetworkManager.swift in Sources */,
				22BEDFE3274669D100BDF63D /* VenueListRepository.swift in Sources */,
				22BEDF9B27457F0300BDF63D /* UserDefault.swift in Sources */,
				22BEDFA0274588A100BDF63D /* LocationManager.swift in Sources */,
				22BEDFEA2746747900BDF63D /* VenueListViewModel.swift in Sources */,
				22A9C2D927454F2000A08A3F /* HomeView.swift in Sources */,
				22BEDF8427455A9D00BDF63D /* OnBoardingView.swift in Sources */,
				22A9C2D727454F2000A08A3F /* CoffeeExplorerApp.swift in Sources */,
				22BEDFFE2746D34B00BDF63D /* VenueListView.swift in Sources */,
				22BEDF762745550B00BDF63D /* Font+Poppins.swift in Sources */,
				22BEDFEE274678DB00BDF63D /* PrimaryCardViewStyle.swift in Sources */,
				22BEDFB12745A74A00BDF63D /* ParameterEncoding.swift in Sources */,
				22BEE0012746D6E200BDF63D /* VenueListReponse.swift in Sources */,
				22F8A2AA2747101000EFB960 /* VenueDetailsRepository.swift in Sources */,
				22BEDF81274556F500BDF63D /* String+Localization.swift in Sources */,
				22F8A2AD2747114200EFB960 /* VenueDetailsRequest.swift in Sources */,
				22BEDF9727457EC700BDF63D /* RootViewModel.swift in Sources */,
				22BEDFFF2746D34B00BDF63D /* VenueCardView.swift in Sources */,
				22F8A2A327470EA900EFB960 /* VenueDetailResponse.swift in Sources */,
				22BEDFF42746BF8100BDF63D /* AppState.swift in Sources */,
				22BEE0032746D91700BDF63D /* LocationPermissionPlaceholder.swift in Sources */,
				22BEDFAD2745A60300BDF63D /* Network.swift in Sources */,
				22BEDF892745633000BDF63D /* ColorPalette.swift in Sources */,
				22BEDFE527466A4100BDF63D /* VenueListUseCase.swift in Sources */,
				22BEDFAF2745A72700BDF63D /* RequestBuildable.swift in Sources */,
				22F8A2A727470F0F00EFB960 /* VenueDetailsUseCase.swift in Sources */,
			);
			runOnlyForDeploymentPostprocessing = 0;
		};
		22A9C2DF27454F2200A08A3F /* Sources */ = {
			isa = PBXSourcesBuildPhase;
			buildActionMask = 2147483647;
			files = (
				22BEDFF82746C4CD00BDF63D /* VenueListUseCaseTests.swift in Sources */,
				22BEDFA52745994200BDF63D /* LocationManagerTests.swift in Sources */,
				22BEDFD92746638B00BDF63D /* VenueListRequestTests.swift in Sources */,
				22F8A2B327479D2800EFB960 /* VenueDetailsRepositoryTests.swift in Sources */,
				22F8A2B527479D4800EFB960 /* VenueDetailsUseCaseTests.swift in Sources */,
				22BEDF9527457B3300BDF63D /* UserDefaultWrapperTest.swift in Sources */,
				22BEDFBA2745AB5500BDF63D /* JSONEncoderTests.swift in Sources */,
				22BEDFBC2745ABA600BDF63D /* MockURLProtocol.swift in Sources */,
				22BEDFFA2746C74A00BDF63D /* VenueListViewModelTests.swift in Sources */,
				22F8A2BB2747A2FD00EFB960 /* VenueDetailsRequestTests.swift in Sources */,
				22BEDFC4274628EB00BDF63D /* NetworkManagerTests.swift in Sources */,
				22BEDFB82745AAA800BDF63D /* URLEncoderTests.swift in Sources */,
				22BEDFDB274664A700BDF63D /* File.swift in Sources */,
				22A9C2E827454F2200A08A3F /* CoffeeExplorerTests.swift in Sources */,
				22BEDFF62746C0B700BDF63D /* VenueListRepositoryTest.swift in Sources */,
			);
			runOnlyForDeploymentPostprocessing = 0;
		};
		22A9C2E927454F2200A08A3F /* Sources */ = {
			isa = PBXSourcesBuildPhase;
			buildActionMask = 2147483647;
			files = (
				22A9C2F227454F2200A08A3F /* CoffeeExplorerUITests.swift in Sources */,
				22A9C2F427454F2200A08A3F /* CoffeeExplorerUITestsLaunchTests.swift in Sources */,
			);
			runOnlyForDeploymentPostprocessing = 0;
		};
/* End PBXSourcesBuildPhase section */

/* Begin PBXTargetDependency section */
		22A9C2E527454F2200A08A3F /* PBXTargetDependency */ = {
			isa = PBXTargetDependency;
			target = 22A9C2D227454F2000A08A3F /* CoffeeExplorer */;
			targetProxy = 22A9C2E427454F2200A08A3F /* PBXContainerItemProxy */;
		};
		22A9C2EF27454F2200A08A3F /* PBXTargetDependency */ = {
			isa = PBXTargetDependency;
			target = 22A9C2D227454F2000A08A3F /* CoffeeExplorer */;
			targetProxy = 22A9C2EE27454F2200A08A3F /* PBXContainerItemProxy */;
		};
/* End PBXTargetDependency section */

/* Begin PBXVariantGroup section */
		22BEDF7D2745567000BDF63D /* Localizable.strings */ = {
			isa = PBXVariantGroup;
			children = (
				22BEDF7C2745567000BDF63D /* en */,
				22BEDF7E2745567500BDF63D /* ar */,
			);
			name = Localizable.strings;
			sourceTree = "<group>";
		};
/* End PBXVariantGroup section */

/* Begin XCBuildConfiguration section */
		22A9C2F527454F2200A08A3F /* Debug */ = {
			isa = XCBuildConfiguration;
			buildSettings = {
				ALWAYS_SEARCH_USER_PATHS = NO;
				CLANG_ANALYZER_NONNULL = YES;
				CLANG_ANALYZER_NUMBER_OBJECT_CONVERSION = YES_AGGRESSIVE;
				CLANG_CXX_LANGUAGE_STANDARD = "gnu++17";
				CLANG_CXX_LIBRARY = "libc++";
				CLANG_ENABLE_MODULES = YES;
				CLANG_ENABLE_OBJC_ARC = YES;
				CLANG_ENABLE_OBJC_WEAK = YES;
				CLANG_WARN_BLOCK_CAPTURE_AUTORELEASING = YES;
				CLANG_WARN_BOOL_CONVERSION = YES;
				CLANG_WARN_COMMA = YES;
				CLANG_WARN_CONSTANT_CONVERSION = YES;
				CLANG_WARN_DEPRECATED_OBJC_IMPLEMENTATIONS = YES;
				CLANG_WARN_DIRECT_OBJC_ISA_USAGE = YES_ERROR;
				CLANG_WARN_DOCUMENTATION_COMMENTS = YES;
				CLANG_WARN_EMPTY_BODY = YES;
				CLANG_WARN_ENUM_CONVERSION = YES;
				CLANG_WARN_INFINITE_RECURSION = YES;
				CLANG_WARN_INT_CONVERSION = YES;
				CLANG_WARN_NON_LITERAL_NULL_CONVERSION = YES;
				CLANG_WARN_OBJC_IMPLICIT_RETAIN_SELF = YES;
				CLANG_WARN_OBJC_LITERAL_CONVERSION = YES;
				CLANG_WARN_OBJC_ROOT_CLASS = YES_ERROR;
				CLANG_WARN_QUOTED_INCLUDE_IN_FRAMEWORK_HEADER = YES;
				CLANG_WARN_RANGE_LOOP_ANALYSIS = YES;
				CLANG_WARN_STRICT_PROTOTYPES = YES;
				CLANG_WARN_SUSPICIOUS_MOVE = YES;
				CLANG_WARN_UNGUARDED_AVAILABILITY = YES_AGGRESSIVE;
				CLANG_WARN_UNREACHABLE_CODE = YES;
				CLANG_WARN__DUPLICATE_METHOD_MATCH = YES;
				COPY_PHASE_STRIP = NO;
				DEBUG_INFORMATION_FORMAT = dwarf;
				ENABLE_STRICT_OBJC_MSGSEND = YES;
				ENABLE_TESTABILITY = YES;
				GCC_C_LANGUAGE_STANDARD = gnu11;
				GCC_DYNAMIC_NO_PIC = NO;
				GCC_NO_COMMON_BLOCKS = YES;
				GCC_OPTIMIZATION_LEVEL = 0;
				GCC_PREPROCESSOR_DEFINITIONS = (
					"DEBUG=1",
					"$(inherited)",
				);
				GCC_WARN_64_TO_32_BIT_CONVERSION = YES;
				GCC_WARN_ABOUT_RETURN_TYPE = YES_ERROR;
				GCC_WARN_UNDECLARED_SELECTOR = YES;
				GCC_WARN_UNINITIALIZED_AUTOS = YES_AGGRESSIVE;
				GCC_WARN_UNUSED_FUNCTION = YES;
				GCC_WARN_UNUSED_VARIABLE = YES;
				IPHONEOS_DEPLOYMENT_TARGET = 15.0;
				MTL_ENABLE_DEBUG_INFO = INCLUDE_SOURCE;
				MTL_FAST_MATH = YES;
				ONLY_ACTIVE_ARCH = YES;
				SDKROOT = iphoneos;
				SWIFT_ACTIVE_COMPILATION_CONDITIONS = DEBUG;
				SWIFT_OPTIMIZATION_LEVEL = "-Onone";
			};
			name = Debug;
		};
		22A9C2F627454F2200A08A3F /* Release */ = {
			isa = XCBuildConfiguration;
			buildSettings = {
				ALWAYS_SEARCH_USER_PATHS = NO;
				CLANG_ANALYZER_NONNULL = YES;
				CLANG_ANALYZER_NUMBER_OBJECT_CONVERSION = YES_AGGRESSIVE;
				CLANG_CXX_LANGUAGE_STANDARD = "gnu++17";
				CLANG_CXX_LIBRARY = "libc++";
				CLANG_ENABLE_MODULES = YES;
				CLANG_ENABLE_OBJC_ARC = YES;
				CLANG_ENABLE_OBJC_WEAK = YES;
				CLANG_WARN_BLOCK_CAPTURE_AUTORELEASING = YES;
				CLANG_WARN_BOOL_CONVERSION = YES;
				CLANG_WARN_COMMA = YES;
				CLANG_WARN_CONSTANT_CONVERSION = YES;
				CLANG_WARN_DEPRECATED_OBJC_IMPLEMENTATIONS = YES;
				CLANG_WARN_DIRECT_OBJC_ISA_USAGE = YES_ERROR;
				CLANG_WARN_DOCUMENTATION_COMMENTS = YES;
				CLANG_WARN_EMPTY_BODY = YES;
				CLANG_WARN_ENUM_CONVERSION = YES;
				CLANG_WARN_INFINITE_RECURSION = YES;
				CLANG_WARN_INT_CONVERSION = YES;
				CLANG_WARN_NON_LITERAL_NULL_CONVERSION = YES;
				CLANG_WARN_OBJC_IMPLICIT_RETAIN_SELF = YES;
				CLANG_WARN_OBJC_LITERAL_CONVERSION = YES;
				CLANG_WARN_OBJC_ROOT_CLASS = YES_ERROR;
				CLANG_WARN_QUOTED_INCLUDE_IN_FRAMEWORK_HEADER = YES;
				CLANG_WARN_RANGE_LOOP_ANALYSIS = YES;
				CLANG_WARN_STRICT_PROTOTYPES = YES;
				CLANG_WARN_SUSPICIOUS_MOVE = YES;
				CLANG_WARN_UNGUARDED_AVAILABILITY = YES_AGGRESSIVE;
				CLANG_WARN_UNREACHABLE_CODE = YES;
				CLANG_WARN__DUPLICATE_METHOD_MATCH = YES;
				COPY_PHASE_STRIP = NO;
				DEBUG_INFORMATION_FORMAT = "dwarf-with-dsym";
				ENABLE_NS_ASSERTIONS = NO;
				ENABLE_STRICT_OBJC_MSGSEND = YES;
				GCC_C_LANGUAGE_STANDARD = gnu11;
				GCC_NO_COMMON_BLOCKS = YES;
				GCC_WARN_64_TO_32_BIT_CONVERSION = YES;
				GCC_WARN_ABOUT_RETURN_TYPE = YES_ERROR;
				GCC_WARN_UNDECLARED_SELECTOR = YES;
				GCC_WARN_UNINITIALIZED_AUTOS = YES_AGGRESSIVE;
				GCC_WARN_UNUSED_FUNCTION = YES;
				GCC_WARN_UNUSED_VARIABLE = YES;
				IPHONEOS_DEPLOYMENT_TARGET = 15.0;
				MTL_ENABLE_DEBUG_INFO = NO;
				MTL_FAST_MATH = YES;
				SDKROOT = iphoneos;
				SWIFT_COMPILATION_MODE = wholemodule;
				SWIFT_OPTIMIZATION_LEVEL = "-O";
				VALIDATE_PRODUCT = YES;
			};
			name = Release;
		};
		22A9C2F827454F2200A08A3F /* Debug */ = {
			isa = XCBuildConfiguration;
			baseConfigurationReference = F88FFA2E0B0900D5D2D5A1D2 /* Pods-CoffeeExplorer.debug.xcconfig */;
			buildSettings = {
				ASSETCATALOG_COMPILER_APPICON_NAME = AppIcon;
				ASSETCATALOG_COMPILER_GLOBAL_ACCENT_COLOR_NAME = AccentColor;
				CODE_SIGN_STYLE = Automatic;
				CURRENT_PROJECT_VERSION = 1;
				DEVELOPMENT_ASSET_PATHS = "\"CoffeeExplorer/Preview Content\"";
				DEVELOPMENT_TEAM = NW9D933XVV;
				ENABLE_PREVIEWS = YES;
				GENERATE_INFOPLIST_FILE = YES;
				INFOPLIST_FILE = CoffeeExplorer/Info.plist;
				INFOPLIST_KEY_NSLocationAlwaysAndWhenInUseUsageDescription = "CoffeeExplorer uses your location to help you find nearby places.";
				INFOPLIST_KEY_NSLocationWhenInUseUsageDescription = "CoffeeExplorer uses your location to help you find nearby places.";
				INFOPLIST_KEY_UIApplicationSceneManifest_Generation = YES;
				INFOPLIST_KEY_UIApplicationSupportsIndirectInputEvents = YES;
				INFOPLIST_KEY_UILaunchScreen_Generation = YES;
				INFOPLIST_KEY_UISupportedInterfaceOrientations_iPad = "UIInterfaceOrientationPortrait UIInterfaceOrientationPortraitUpsideDown UIInterfaceOrientationLandscapeLeft UIInterfaceOrientationLandscapeRight";
				INFOPLIST_KEY_UISupportedInterfaceOrientations_iPhone = "UIInterfaceOrientationPortrait UIInterfaceOrientationLandscapeLeft UIInterfaceOrientationLandscapeRight";
				IPHONEOS_DEPLOYMENT_TARGET = 14.0;
				LD_RUNPATH_SEARCH_PATHS = (
					"$(inherited)",
					"@executable_path/Frameworks",
				);
				MARKETING_VERSION = 1.0;
				PRODUCT_BUNDLE_IDENTIFIER = com.emirates.CoffeeExplorer;
				PRODUCT_NAME = "$(TARGET_NAME)";
				SWIFT_EMIT_LOC_STRINGS = YES;
				SWIFT_VERSION = 5.0;
				TARGETED_DEVICE_FAMILY = "1,2";
			};
			name = Debug;
		};
		22A9C2F927454F2200A08A3F /* Release */ = {
			isa = XCBuildConfiguration;
			baseConfigurationReference = FEA5ED44479A346D9702E570 /* Pods-CoffeeExplorer.release.xcconfig */;
			buildSettings = {
				ASSETCATALOG_COMPILER_APPICON_NAME = AppIcon;
				ASSETCATALOG_COMPILER_GLOBAL_ACCENT_COLOR_NAME = AccentColor;
				CODE_SIGN_STYLE = Automatic;
				CURRENT_PROJECT_VERSION = 1;
				DEVELOPMENT_ASSET_PATHS = "\"CoffeeExplorer/Preview Content\"";
				DEVELOPMENT_TEAM = NW9D933XVV;
				ENABLE_PREVIEWS = YES;
				GENERATE_INFOPLIST_FILE = YES;
				INFOPLIST_FILE = CoffeeExplorer/Info.plist;
				INFOPLIST_KEY_NSLocationAlwaysAndWhenInUseUsageDescription = "CoffeeExplorer uses your location to help you find nearby places.";
				INFOPLIST_KEY_NSLocationWhenInUseUsageDescription = "CoffeeExplorer uses your location to help you find nearby places.";
				INFOPLIST_KEY_UIApplicationSceneManifest_Generation = YES;
				INFOPLIST_KEY_UIApplicationSupportsIndirectInputEvents = YES;
				INFOPLIST_KEY_UILaunchScreen_Generation = YES;
				INFOPLIST_KEY_UISupportedInterfaceOrientations_iPad = "UIInterfaceOrientationPortrait UIInterfaceOrientationPortraitUpsideDown UIInterfaceOrientationLandscapeLeft UIInterfaceOrientationLandscapeRight";
				INFOPLIST_KEY_UISupportedInterfaceOrientations_iPhone = "UIInterfaceOrientationPortrait UIInterfaceOrientationLandscapeLeft UIInterfaceOrientationLandscapeRight";
				IPHONEOS_DEPLOYMENT_TARGET = 14.0;
				LD_RUNPATH_SEARCH_PATHS = (
					"$(inherited)",
					"@executable_path/Frameworks",
				);
				MARKETING_VERSION = 1.0;
				PRODUCT_BUNDLE_IDENTIFIER = com.emirates.CoffeeExplorer;
				PRODUCT_NAME = "$(TARGET_NAME)";
				SWIFT_EMIT_LOC_STRINGS = YES;
				SWIFT_VERSION = 5.0;
				TARGETED_DEVICE_FAMILY = "1,2";
			};
			name = Release;
		};
		22A9C2FB27454F2200A08A3F /* Debug */ = {
			isa = XCBuildConfiguration;
			baseConfigurationReference = 6C4F22168C57A56369D5BC34 /* Pods-CoffeeExplorerTests.debug.xcconfig */;
			buildSettings = {
				ALWAYS_EMBED_SWIFT_STANDARD_LIBRARIES = YES;
				BUNDLE_LOADER = "$(TEST_HOST)";
				CODE_SIGN_STYLE = Automatic;
				CURRENT_PROJECT_VERSION = 1;
				DEVELOPMENT_TEAM = NW9D933XVV;
				GENERATE_INFOPLIST_FILE = YES;
				IPHONEOS_DEPLOYMENT_TARGET = 15.0;
				LD_RUNPATH_SEARCH_PATHS = (
					"$(inherited)",
					"@executable_path/Frameworks",
					"@loader_path/Frameworks",
				);
				MARKETING_VERSION = 1.0;
				PRODUCT_BUNDLE_IDENTIFIER = com.emirates.CoffeeExplorerTests;
				PRODUCT_NAME = "$(TARGET_NAME)";
				SWIFT_EMIT_LOC_STRINGS = NO;
				SWIFT_VERSION = 5.0;
				TARGETED_DEVICE_FAMILY = "1,2";
				TEST_HOST = "$(BUILT_PRODUCTS_DIR)/CoffeeExplorer.app/CoffeeExplorer";
			};
			name = Debug;
		};
		22A9C2FC27454F2200A08A3F /* Release */ = {
			isa = XCBuildConfiguration;
			baseConfigurationReference = F798142925B96CF428E0422D /* Pods-CoffeeExplorerTests.release.xcconfig */;
			buildSettings = {
				ALWAYS_EMBED_SWIFT_STANDARD_LIBRARIES = YES;
				BUNDLE_LOADER = "$(TEST_HOST)";
				CODE_SIGN_STYLE = Automatic;
				CURRENT_PROJECT_VERSION = 1;
				DEVELOPMENT_TEAM = NW9D933XVV;
				GENERATE_INFOPLIST_FILE = YES;
				IPHONEOS_DEPLOYMENT_TARGET = 15.0;
				LD_RUNPATH_SEARCH_PATHS = (
					"$(inherited)",
					"@executable_path/Frameworks",
					"@loader_path/Frameworks",
				);
				MARKETING_VERSION = 1.0;
				PRODUCT_BUNDLE_IDENTIFIER = com.emirates.CoffeeExplorerTests;
				PRODUCT_NAME = "$(TARGET_NAME)";
				SWIFT_EMIT_LOC_STRINGS = NO;
				SWIFT_VERSION = 5.0;
				TARGETED_DEVICE_FAMILY = "1,2";
				TEST_HOST = "$(BUILT_PRODUCTS_DIR)/CoffeeExplorer.app/CoffeeExplorer";
			};
			name = Release;
		};
		22A9C2FE27454F2200A08A3F /* Debug */ = {
			isa = XCBuildConfiguration;
			baseConfigurationReference = 72B7DA16C9E96FF6B48C39B4 /* Pods-CoffeeExplorer-CoffeeExplorerUITests.debug.xcconfig */;
			buildSettings = {
				ALWAYS_EMBED_SWIFT_STANDARD_LIBRARIES = YES;
				CODE_SIGN_STYLE = Automatic;
				CURRENT_PROJECT_VERSION = 1;
				DEVELOPMENT_TEAM = NW9D933XVV;
				GENERATE_INFOPLIST_FILE = YES;
				LD_RUNPATH_SEARCH_PATHS = (
					"$(inherited)",
					"@executable_path/Frameworks",
					"@loader_path/Frameworks",
				);
				MARKETING_VERSION = 1.0;
				PRODUCT_BUNDLE_IDENTIFIER = com.emirates.CoffeeExplorerUITests;
				PRODUCT_NAME = "$(TARGET_NAME)";
				SWIFT_EMIT_LOC_STRINGS = NO;
				SWIFT_VERSION = 5.0;
				TARGETED_DEVICE_FAMILY = "1,2";
				TEST_TARGET_NAME = CoffeeExplorer;
			};
			name = Debug;
		};
		22A9C2FF27454F2200A08A3F /* Release */ = {
			isa = XCBuildConfiguration;
			baseConfigurationReference = 48D717C040F209C637CE4F14 /* Pods-CoffeeExplorer-CoffeeExplorerUITests.release.xcconfig */;
			buildSettings = {
				ALWAYS_EMBED_SWIFT_STANDARD_LIBRARIES = YES;
				CODE_SIGN_STYLE = Automatic;
				CURRENT_PROJECT_VERSION = 1;
				DEVELOPMENT_TEAM = NW9D933XVV;
				GENERATE_INFOPLIST_FILE = YES;
				LD_RUNPATH_SEARCH_PATHS = (
					"$(inherited)",
					"@executable_path/Frameworks",
					"@loader_path/Frameworks",
				);
				MARKETING_VERSION = 1.0;
				PRODUCT_BUNDLE_IDENTIFIER = com.emirates.CoffeeExplorerUITests;
				PRODUCT_NAME = "$(TARGET_NAME)";
				SWIFT_EMIT_LOC_STRINGS = NO;
				SWIFT_VERSION = 5.0;
				TARGETED_DEVICE_FAMILY = "1,2";
				TEST_TARGET_NAME = CoffeeExplorer;
			};
			name = Release;
		};
/* End XCBuildConfiguration section */

/* Begin XCConfigurationList section */
		22A9C2CE27454F2000A08A3F /* Build configuration list for PBXProject "CoffeeExplorer" */ = {
			isa = XCConfigurationList;
			buildConfigurations = (
				22A9C2F527454F2200A08A3F /* Debug */,
				22A9C2F627454F2200A08A3F /* Release */,
			);
			defaultConfigurationIsVisible = 0;
			defaultConfigurationName = Release;
		};
		22A9C2F727454F2200A08A3F /* Build configuration list for PBXNativeTarget "CoffeeExplorer" */ = {
			isa = XCConfigurationList;
			buildConfigurations = (
				22A9C2F827454F2200A08A3F /* Debug */,
				22A9C2F927454F2200A08A3F /* Release */,
			);
			defaultConfigurationIsVisible = 0;
			defaultConfigurationName = Release;
		};
		22A9C2FA27454F2200A08A3F /* Build configuration list for PBXNativeTarget "CoffeeExplorerTests" */ = {
			isa = XCConfigurationList;
			buildConfigurations = (
				22A9C2FB27454F2200A08A3F /* Debug */,
				22A9C2FC27454F2200A08A3F /* Release */,
			);
			defaultConfigurationIsVisible = 0;
			defaultConfigurationName = Release;
		};
		22A9C2FD27454F2200A08A3F /* Build configuration list for PBXNativeTarget "CoffeeExplorerUITests" */ = {
			isa = XCConfigurationList;
			buildConfigurations = (
				22A9C2FE27454F2200A08A3F /* Debug */,
				22A9C2FF27454F2200A08A3F /* Release */,
			);
			defaultConfigurationIsVisible = 0;
			defaultConfigurationName = Release;
		};
/* End XCConfigurationList section */
	};
	rootObject = 22A9C2CB27454F2000A08A3F /* Project object */;
}
