// !$*UTF8*$!
{
	archiveVersion = 1;
	classes = {
	};
	objectVersion = 55;
	objects = {

/* Begin PBXBuildFile section */
		22A9C2D727454F2000A08A3F /* CoffeeExplorerApp.swift in Sources */ = {isa = PBXBuildFile; fileRef = 22A9C2D627454F2000A08A3F /* CoffeeExplorerApp.swift */; };
		22A9C2D927454F2000A08A3F /* ContentView.swift in Sources */ = {isa = PBXBuildFile; fileRef = 22A9C2D827454F2000A08A3F /* ContentView.swift */; };
		22A9C2DB27454F2200A08A3F /* Assets.xcassets in Resources */ = {isa = PBXBuildFile; fileRef = 22A9C2DA27454F2200A08A3F /* Assets.xcassets */; };
		22A9C2DE27454F2200A08A3F /* Preview Assets.xcassets in Resources */ = {isa = PBXBuildFile; fileRef = 22A9C2DD27454F2200A08A3F /* Preview Assets.xcassets */; };
		22A9C2E827454F2200A08A3F /* CoffeeExplorerTests.swift in Sources */ = {isa = PBXBuildFile; fileRef = 22A9C2E727454F2200A08A3F /* CoffeeExplorerTests.swift */; };
		22A9C2F227454F2200A08A3F /* CoffeeExplorerUITests.swift in Sources */ = {isa = PBXBuildFile; fileRef = 22A9C2F127454F2200A08A3F /* CoffeeExplorerUITests.swift */; };
		22A9C2F427454F2200A08A3F /* CoffeeExplorerUITestsLaunchTests.swift in Sources */ = {isa = PBXBuildFile; fileRef = 22A9C2F327454F2200A08A3F /* CoffeeExplorerUITestsLaunchTests.swift */; };
		22BEDF702745548C00BDF63D /* Poppins-Bold.ttf in Resources */ = {isa = PBXBuildFile; fileRef = 22BEDF6D2745548C00BDF63D /* Poppins-Bold.ttf */; };
		22BEDF712745548C00BDF63D /* Poppins-Regular.ttf in Resources */ = {isa = PBXBuildFile; fileRef = 22BEDF6E2745548C00BDF63D /* Poppins-Regular.ttf */; };
		22BEDF722745548C00BDF63D /* Poppins-Medium.ttf in Resources */ = {isa = PBXBuildFile; fileRef = 22BEDF6F2745548C00BDF63D /* Poppins-Medium.ttf */; };
		22BEDF762745550B00BDF63D /* Font+Poppins.swift in Sources */ = {isa = PBXBuildFile; fileRef = 22BEDF752745550B00BDF63D /* Font+Poppins.swift */; };
		22BEDF7B2745567000BDF63D /* Localizable.strings in Resources */ = {isa = PBXBuildFile; fileRef = 22BEDF7D2745567000BDF63D /* Localizable.strings */; };
		22BEDF81274556F500BDF63D /* String+Localization.swift in Sources */ = {isa = PBXBuildFile; fileRef = 22BEDF80274556F500BDF63D /* String+Localization.swift */; };
		22BEDF8427455A9D00BDF63D /* OnBoardView.swift in Sources */ = {isa = PBXBuildFile; fileRef = 22BEDF8327455A9D00BDF63D /* OnBoardView.swift */; };
		22BEDF86274562DE00BDF63D /* Colors.xcassets in Resources */ = {isa = PBXBuildFile; fileRef = 22BEDF85274562DE00BDF63D /* Colors.xcassets */; };
		22BEDF892745633000BDF63D /* ColorPalette.swift in Sources */ = {isa = PBXBuildFile; fileRef = 22BEDF882745633000BDF63D /* ColorPalette.swift */; };
		22BEDF8C274563F400BDF63D /* PrimaryButtonStyle.swift in Sources */ = {isa = PBXBuildFile; fileRef = 22BEDF8B274563F400BDF63D /* PrimaryButtonStyle.swift */; };
/* End PBXBuildFile section */

/* Begin PBXContainerItemProxy section */
		22A9C2E427454F2200A08A3F /* PBXContainerItemProxy */ = {
			isa = PBXContainerItemProxy;
			containerPortal = 22A9C2CB27454F2000A08A3F /* Project object */;
			proxyType = 1;
			remoteGlobalIDString = 22A9C2D227454F2000A08A3F;
			remoteInfo = CoffeeExplorer;
		};
		22A9C2EE27454F2200A08A3F /* PBXContainerItemProxy */ = {
			isa = PBXContainerItemProxy;
			containerPortal = 22A9C2CB27454F2000A08A3F /* Project object */;
			proxyType = 1;
			remoteGlobalIDString = 22A9C2D227454F2000A08A3F;
			remoteInfo = CoffeeExplorer;
		};
/* End PBXContainerItemProxy section */

/* Begin PBXFileReference section */
		22A9C2D327454F2000A08A3F /* CoffeeExplorer.app */ = {isa = PBXFileReference; explicitFileType = wrapper.application; includeInIndex = 0; path = CoffeeExplorer.app; sourceTree = BUILT_PRODUCTS_DIR; };
		22A9C2D627454F2000A08A3F /* CoffeeExplorerApp.swift */ = {isa = PBXFileReference; lastKnownFileType = sourcecode.swift; path = CoffeeExplorerApp.swift; sourceTree = "<group>"; };
		22A9C2D827454F2000A08A3F /* ContentView.swift */ = {isa = PBXFileReference; lastKnownFileType = sourcecode.swift; path = ContentView.swift; sourceTree = "<group>"; };
		22A9C2DA27454F2200A08A3F /* Assets.xcassets */ = {isa = PBXFileReference; lastKnownFileType = folder.assetcatalog; path = Assets.xcassets; sourceTree = "<group>"; };
		22A9C2DD27454F2200A08A3F /* Preview Assets.xcassets */ = {isa = PBXFileReference; lastKnownFileType = folder.assetcatalog; path = "Preview Assets.xcassets"; sourceTree = "<group>"; };
		22A9C2E327454F2200A08A3F /* CoffeeExplorerTests.xctest */ = {isa = PBXFileReference; explicitFileType = wrapper.cfbundle; includeInIndex = 0; path = CoffeeExplorerTests.xctest; sourceTree = BUILT_PRODUCTS_DIR; };
		22A9C2E727454F2200A08A3F /* CoffeeExplorerTests.swift */ = {isa = PBXFileReference; lastKnownFileType = sourcecode.swift; path = CoffeeExplorerTests.swift; sourceTree = "<group>"; };
		22A9C2ED27454F2200A08A3F /* CoffeeExplorerUITests.xctest */ = {isa = PBXFileReference; explicitFileType = wrapper.cfbundle; includeInIndex = 0; path = CoffeeExplorerUITests.xctest; sourceTree = BUILT_PRODUCTS_DIR; };
		22A9C2F127454F2200A08A3F /* CoffeeExplorerUITests.swift */ = {isa = PBXFileReference; lastKnownFileType = sourcecode.swift; path = CoffeeExplorerUITests.swift; sourceTree = "<group>"; };
		22A9C2F327454F2200A08A3F /* CoffeeExplorerUITestsLaunchTests.swift */ = {isa = PBXFileReference; lastKnownFileType = sourcecode.swift; path = CoffeeExplorerUITestsLaunchTests.swift; sourceTree = "<group>"; };
		22BEDF6D2745548C00BDF63D /* Poppins-Bold.ttf */ = {isa = PBXFileReference; lastKnownFileType = file; path = "Poppins-Bold.ttf"; sourceTree = "<group>"; };
		22BEDF6E2745548C00BDF63D /* Poppins-Regular.ttf */ = {isa = PBXFileReference; lastKnownFileType = file; path = "Poppins-Regular.ttf"; sourceTree = "<group>"; };
		22BEDF6F2745548C00BDF63D /* Poppins-Medium.ttf */ = {isa = PBXFileReference; lastKnownFileType = file; path = "Poppins-Medium.ttf"; sourceTree = "<group>"; };
		22BEDF752745550B00BDF63D /* Font+Poppins.swift */ = {isa = PBXFileReference; lastKnownFileType = sourcecode.swift; path = "Font+Poppins.swift"; sourceTree = "<group>"; };
		22BEDF772745559E00BDF63D /* Info.plist */ = {isa = PBXFileReference; lastKnownFileType = text.plist; path = Info.plist; sourceTree = "<group>"; };
		22BEDF7C2745567000BDF63D /* en */ = {isa = PBXFileReference; lastKnownFileType = text.plist.strings; name = en; path = en.lproj/Localizable.strings; sourceTree = "<group>"; };
		22BEDF7E2745567500BDF63D /* ar */ = {isa = PBXFileReference; lastKnownFileType = text.plist.strings; name = ar; path = ar.lproj/Localizable.strings; sourceTree = "<group>"; };
		22BEDF80274556F500BDF63D /* String+Localization.swift */ = {isa = PBXFileReference; lastKnownFileType = sourcecode.swift; path = "String+Localization.swift"; sourceTree = "<group>"; };
		22BEDF8327455A9D00BDF63D /* OnBoardView.swift */ = {isa = PBXFileReference; lastKnownFileType = sourcecode.swift; path = OnBoardView.swift; sourceTree = "<group>"; };
		22BEDF85274562DE00BDF63D /* Colors.xcassets */ = {isa = PBXFileReference; lastKnownFileType = folder.assetcatalog; path = Colors.xcassets; sourceTree = "<group>"; };
		22BEDF882745633000BDF63D /* ColorPalette.swift */ = {isa = PBXFileReference; lastKnownFileType = sourcecode.swift; path = ColorPalette.swift; sourceTree = "<group>"; };
		22BEDF8B274563F400BDF63D /* PrimaryButtonStyle.swift */ = {isa = PBXFileReference; lastKnownFileType = sourcecode.swift; path = PrimaryButtonStyle.swift; sourceTree = "<group>"; };
/* End PBXFileReference section */

/* Begin PBXFrameworksBuildPhase section */
		22A9C2D027454F2000A08A3F /* Frameworks */ = {
			isa = PBXFrameworksBuildPhase;
			buildActionMask = 2147483647;
			files = (
			);
			runOnlyForDeploymentPostprocessing = 0;
		};
		22A9C2E027454F2200A08A3F /* Frameworks */ = {
			isa = PBXFrameworksBuildPhase;
			buildActionMask = 2147483647;
			files = (
			);
			runOnlyForDeploymentPostprocessing = 0;
		};
		22A9C2EA27454F2200A08A3F /* Frameworks */ = {
			isa = PBXFrameworksBuildPhase;
			buildActionMask = 2147483647;
			files = (
			);
			runOnlyForDeploymentPostprocessing = 0;
		};
/* End PBXFrameworksBuildPhase section */

/* Begin PBXGroup section */
		22A9C2CA27454F2000A08A3F = {
			isa = PBXGroup;
			children = (
				22A9C2D527454F2000A08A3F /* CoffeeExplorer */,
				22A9C2E627454F2200A08A3F /* CoffeeExplorerTests */,
				22A9C2F027454F2200A08A3F /* CoffeeExplorerUITests */,
				22A9C2D427454F2000A08A3F /* Products */,
			);
			sourceTree = "<group>";
		};
		22A9C2D427454F2000A08A3F /* Products */ = {
			isa = PBXGroup;
			children = (
				22A9C2D327454F2000A08A3F /* CoffeeExplorer.app */,
				22A9C2E327454F2200A08A3F /* CoffeeExplorerTests.xctest */,
				22A9C2ED27454F2200A08A3F /* CoffeeExplorerUITests.xctest */,
			);
			name = Products;
			sourceTree = "<group>";
		};
		22A9C2D527454F2000A08A3F /* CoffeeExplorer */ = {
			isa = PBXGroup;
			children = (
				22A9C300274551C400A08A3F /* App */,
				22A9C301274551DB00A08A3F /* Feature */,
				22BEDF73274554AB00BDF63D /* Shared */,
				22BEDF6B2745536800BDF63D /* Resources */,
				22BEDF772745559E00BDF63D /* Info.plist */,
				22A9C2DC27454F2200A08A3F /* Preview Content */,
			);
			path = CoffeeExplorer;
			sourceTree = "<group>";
		};
		22A9C2DC27454F2200A08A3F /* Preview Content */ = {
			isa = PBXGroup;
			children = (
				22A9C2DD27454F2200A08A3F /* Preview Assets.xcassets */,
			);
			path = "Preview Content";
			sourceTree = "<group>";
		};
		22A9C2E627454F2200A08A3F /* CoffeeExplorerTests */ = {
			isa = PBXGroup;
			children = (
				22A9C2E727454F2200A08A3F /* CoffeeExplorerTests.swift */,
			);
			path = CoffeeExplorerTests;
			sourceTree = "<group>";
		};
		22A9C2F027454F2200A08A3F /* CoffeeExplorerUITests */ = {
			isa = PBXGroup;
			children = (
				22A9C2F127454F2200A08A3F /* CoffeeExplorerUITests.swift */,
				22A9C2F327454F2200A08A3F /* CoffeeExplorerUITestsLaunchTests.swift */,
			);
			path = CoffeeExplorerUITests;
			sourceTree = "<group>";
		};
		22A9C300274551C400A08A3F /* App */ = {
			isa = PBXGroup;
			children = (
				22A9C2D627454F2000A08A3F /* CoffeeExplorerApp.swift */,
			);
			path = App;
			sourceTree = "<group>";
		};
		22A9C301274551DB00A08A3F /* Feature */ = {
			isa = PBXGroup;
			children = (
				22BEDF8227455A6800BDF63D /* OnBoarding */,
				22A9C302274551F200A08A3F /* Home */,
			);
			path = Feature;
			sourceTree = "<group>";
		};
		22A9C302274551F200A08A3F /* Home */ = {
			isa = PBXGroup;
			children = (
				22A9C2D827454F2000A08A3F /* ContentView.swift */,
			);
			path = Home;
			sourceTree = "<group>";
		};
		22BEDF6B2745536800BDF63D /* Resources */ = {
			isa = PBXGroup;
			children = (
				22BEDF782745564D00BDF63D /* Localization */,
				22BEDF6C274553E300BDF63D /* Font */,
				22A9C2DA27454F2200A08A3F /* Assets.xcassets */,
				22BEDF85274562DE00BDF63D /* Colors.xcassets */,
			);
			path = Resources;
			sourceTree = "<group>";
		};
		22BEDF6C274553E300BDF63D /* Font */ = {
			isa = PBXGroup;
			children = (
				22BEDF6D2745548C00BDF63D /* Poppins-Bold.ttf */,
				22BEDF6F2745548C00BDF63D /* Poppins-Medium.ttf */,
				22BEDF6E2745548C00BDF63D /* Poppins-Regular.ttf */,
			);
			path = Font;
			sourceTree = "<group>";
		};
		22BEDF73274554AB00BDF63D /* Shared */ = {
			isa = PBXGroup;
			children = (
				22BEDF8A274563C500BDF63D /* ButtonStyles */,
				22BEDF872745632200BDF63D /* ColorPalette */,
				22BEDF74274554E700BDF63D /* Extension */,
			);
			path = Shared;
			sourceTree = "<group>";
		};
		22BEDF74274554E700BDF63D /* Extension */ = {
			isa = PBXGroup;
			children = (
				22BEDF752745550B00BDF63D /* Font+Poppins.swift */,
				22BEDF80274556F500BDF63D /* String+Localization.swift */,
			);
			path = Extension;
			sourceTree = "<group>";
		};
		22BEDF782745564D00BDF63D /* Localization */ = {
			isa = PBXGroup;
			children = (
				22BEDF7D2745567000BDF63D /* Localizable.strings */,
			);
			path = Localization;
			sourceTree = "<group>";
		};
		22BEDF8227455A6800BDF63D /* OnBoarding */ = {
			isa = PBXGroup;
			children = (
				22BEDF8327455A9D00BDF63D /* OnBoardView.swift */,
			);
			path = OnBoarding;
			sourceTree = "<group>";
		};
		22BEDF872745632200BDF63D /* ColorPalette */ = {
			isa = PBXGroup;
			children = (
				22BEDF882745633000BDF63D /* ColorPalette.swift */,
			);
			path = ColorPalette;
			sourceTree = "<group>";
		};
		22BEDF8A274563C500BDF63D /* ButtonStyles */ = {
			isa = PBXGroup;
			children = (
				22BEDF8B274563F400BDF63D /* PrimaryButtonStyle.swift */,
			);
			path = ButtonStyles;
			sourceTree = "<group>";
		};
/* End PBXGroup section */

/* Begin PBXNativeTarget section */
		22A9C2D227454F2000A08A3F /* CoffeeExplorer */ = {
			isa = PBXNativeTarget;
			buildConfigurationList = 22A9C2F727454F2200A08A3F /* Build configuration list for PBXNativeTarget "CoffeeExplorer" */;
			buildPhases = (
				22A9C2CF27454F2000A08A3F /* Sources */,
				22A9C2D027454F2000A08A3F /* Frameworks */,
				22A9C2D127454F2000A08A3F /* Resources */,
			);
			buildRules = (
			);
			dependencies = (
			);
			name = CoffeeExplorer;
			productName = CoffeeExplorer;
			productReference = 22A9C2D327454F2000A08A3F /* CoffeeExplorer.app */;
			productType = "com.apple.product-type.application";
		};
		22A9C2E227454F2200A08A3F /* CoffeeExplorerTests */ = {
			isa = PBXNativeTarget;
			buildConfigurationList = 22A9C2FA27454F2200A08A3F /* Build configuration list for PBXNativeTarget "CoffeeExplorerTests" */;
			buildPhases = (
				22A9C2DF27454F2200A08A3F /* Sources */,
				22A9C2E027454F2200A08A3F /* Frameworks */,
				22A9C2E127454F2200A08A3F /* Resources */,
			);
			buildRules = (
			);
			dependencies = (
				22A9C2E527454F2200A08A3F /* PBXTargetDependency */,
			);
			name = CoffeeExplorerTests;
			productName = CoffeeExplorerTests;
			productReference = 22A9C2E327454F2200A08A3F /* CoffeeExplorerTests.xctest */;
			productType = "com.apple.product-type.bundle.unit-test";
		};
		22A9C2EC27454F2200A08A3F /* CoffeeExplorerUITests */ = {
			isa = PBXNativeTarget;
			buildConfigurationList = 22A9C2FD27454F2200A08A3F /* Build configuration list for PBXNativeTarget "CoffeeExplorerUITests" */;
			buildPhases = (
				22A9C2E927454F2200A08A3F /* Sources */,
				22A9C2EA27454F2200A08A3F /* Frameworks */,
				22A9C2EB27454F2200A08A3F /* Resources */,
			);
			buildRules = (
			);
			dependencies = (
				22A9C2EF27454F2200A08A3F /* PBXTargetDependency */,
			);
			name = CoffeeExplorerUITests;
			productName = CoffeeExplorerUITests;
			productReference = 22A9C2ED27454F2200A08A3F /* CoffeeExplorerUITests.xctest */;
			productType = "com.apple.product-type.bundle.ui-testing";
		};
/* End PBXNativeTarget section */

/* Begin PBXProject section */
		22A9C2CB27454F2000A08A3F /* Project object */ = {
			isa = PBXProject;
			attributes = {
				BuildIndependentTargetsInParallel = 1;
				LastSwiftUpdateCheck = 1310;
				LastUpgradeCheck = 1310;
				TargetAttributes = {
					22A9C2D227454F2000A08A3F = {
						CreatedOnToolsVersion = 13.1;
					};
					22A9C2E227454F2200A08A3F = {
						CreatedOnToolsVersion = 13.1;
						TestTargetID = 22A9C2D227454F2000A08A3F;
					};
					22A9C2EC27454F2200A08A3F = {
						CreatedOnToolsVersion = 13.1;
						TestTargetID = 22A9C2D227454F2000A08A3F;
					};
				};
			};
			buildConfigurationList = 22A9C2CE27454F2000A08A3F /* Build configuration list for PBXProject "CoffeeExplorer" */;
			compatibilityVersion = "Xcode 13.0";
			developmentRegion = en;
			hasScannedForEncodings = 0;
			knownRegions = (
				en,
				Base,
				ar,
			);
			mainGroup = 22A9C2CA27454F2000A08A3F;
			productRefGroup = 22A9C2D427454F2000A08A3F /* Products */;
			projectDirPath = "";
			projectRoot = "";
			targets = (
				22A9C2D227454F2000A08A3F /* CoffeeExplorer */,
				22A9C2E227454F2200A08A3F /* CoffeeExplorerTests */,
				22A9C2EC27454F2200A08A3F /* CoffeeExplorerUITests */,
			);
		};
/* End PBXProject section */

/* Begin PBXResourcesBuildPhase section */
		22A9C2D127454F2000A08A3F /* Resources */ = {
			isa = PBXResourcesBuildPhase;
			buildActionMask = 2147483647;
			files = (
				22A9C2DE27454F2200A08A3F /* Preview Assets.xcassets in Resources */,
				22BEDF7B2745567000BDF63D /* Localizable.strings in Resources */,
				22BEDF702745548C00BDF63D /* Poppins-Bold.ttf in Resources */,
				22A9C2DB27454F2200A08A3F /* Assets.xcassets in Resources */,
				22BEDF712745548C00BDF63D /* Poppins-Regular.ttf in Resources */,
				22BEDF722745548C00BDF63D /* Poppins-Medium.ttf in Resources */,
				22BEDF86274562DE00BDF63D /* Colors.xcassets in Resources */,
			);
			runOnlyForDeploymentPostprocessing = 0;
		};
		22A9C2E127454F2200A08A3F /* Resources */ = {
			isa = PBXResourcesBuildPhase;
			buildActionMask = 2147483647;
			files = (
			);
			runOnlyForDeploymentPostprocessing = 0;
		};
		22A9C2EB27454F2200A08A3F /* Resources */ = {
			isa = PBXResourcesBuildPhase;
			buildActionMask = 2147483647;
			files = (
			);
			runOnlyForDeploymentPostprocessing = 0;
		};
/* End PBXResourcesBuildPhase section */

/* Begin PBXSourcesBuildPhase section */
		22A9C2CF27454F2000A08A3F /* Sources */ = {
			isa = PBXSourcesBuildPhase;
			buildActionMask = 2147483647;
			files = (
				22BEDF8C274563F400BDF63D /* PrimaryButtonStyle.swift in Sources */,
				22A9C2D927454F2000A08A3F /* ContentView.swift in Sources */,
				22BEDF8427455A9D00BDF63D /* OnBoardView.swift in Sources */,
				22A9C2D727454F2000A08A3F /* CoffeeExplorerApp.swift in Sources */,
				22BEDF762745550B00BDF63D /* Font+Poppins.swift in Sources */,
				22BEDF81274556F500BDF63D /* String+Localization.swift in Sources */,
				22BEDF892745633000BDF63D /* ColorPalette.swift in Sources */,
			);
			runOnlyForDeploymentPostprocessing = 0;
		};
		22A9C2DF27454F2200A08A3F /* Sources */ = {
			isa = PBXSourcesBuildPhase;
			buildActionMask = 2147483647;
			files = (
				22A9C2E827454F2200A08A3F /* CoffeeExplorerTests.swift in Sources */,
			);
			runOnlyForDeploymentPostprocessing = 0;
		};
		22A9C2E927454F2200A08A3F /* Sources */ = {
			isa = PBXSourcesBuildPhase;
			buildActionMask = 2147483647;
			files = (
				22A9C2F227454F2200A08A3F /* CoffeeExplorerUITests.swift in Sources */,
				22A9C2F427454F2200A08A3F /* CoffeeExplorerUITestsLaunchTests.swift in Sources */,
			);
			runOnlyForDeploymentPostprocessing = 0;
		};
/* End PBXSourcesBuildPhase section */

/* Begin PBXTargetDependency section */
		22A9C2E527454F2200A08A3F /* PBXTargetDependency */ = {
			isa = PBXTargetDependency;
			target = 22A9C2D227454F2000A08A3F /* CoffeeExplorer */;
			targetProxy = 22A9C2E427454F2200A08A3F /* PBXContainerItemProxy */;
		};
		22A9C2EF27454F2200A08A3F /* PBXTargetDependency */ = {
			isa = PBXTargetDependency;
			target = 22A9C2D227454F2000A08A3F /* CoffeeExplorer */;
			targetProxy = 22A9C2EE27454F2200A08A3F /* PBXContainerItemProxy */;
		};
/* End PBXTargetDependency section */

/* Begin PBXVariantGroup section */
		22BEDF7D2745567000BDF63D /* Localizable.strings */ = {
			isa = PBXVariantGroup;
			children = (
				22BEDF7C2745567000BDF63D /* en */,
				22BEDF7E2745567500BDF63D /* ar */,
			);
			name = Localizable.strings;
			sourceTree = "<group>";
		};
/* End PBXVariantGroup section */

/* Begin XCBuildConfiguration section */
		22A9C2F527454F2200A08A3F /* Debug */ = {
			isa = XCBuildConfiguration;
			buildSettings = {
				ALWAYS_SEARCH_USER_PATHS = NO;
				CLANG_ANALYZER_NONNULL = YES;
				CLANG_ANALYZER_NUMBER_OBJECT_CONVERSION = YES_AGGRESSIVE;
				CLANG_CXX_LANGUAGE_STANDARD = "gnu++17";
				CLANG_CXX_LIBRARY = "libc++";
				CLANG_ENABLE_MODULES = YES;
				CLANG_ENABLE_OBJC_ARC = YES;
				CLANG_ENABLE_OBJC_WEAK = YES;
				CLANG_WARN_BLOCK_CAPTURE_AUTORELEASING = YES;
				CLANG_WARN_BOOL_CONVERSION = YES;
				CLANG_WARN_COMMA = YES;
				CLANG_WARN_CONSTANT_CONVERSION = YES;
				CLANG_WARN_DEPRECATED_OBJC_IMPLEMENTATIONS = YES;
				CLANG_WARN_DIRECT_OBJC_ISA_USAGE = YES_ERROR;
				CLANG_WARN_DOCUMENTATION_COMMENTS = YES;
				CLANG_WARN_EMPTY_BODY = YES;
				CLANG_WARN_ENUM_CONVERSION = YES;
				CLANG_WARN_INFINITE_RECURSION = YES;
				CLANG_WARN_INT_CONVERSION = YES;
				CLANG_WARN_NON_LITERAL_NULL_CONVERSION = YES;
				CLANG_WARN_OBJC_IMPLICIT_RETAIN_SELF = YES;
				CLANG_WARN_OBJC_LITERAL_CONVERSION = YES;
				CLANG_WARN_OBJC_ROOT_CLASS = YES_ERROR;
				CLANG_WARN_QUOTED_INCLUDE_IN_FRAMEWORK_HEADER = YES;
				CLANG_WARN_RANGE_LOOP_ANALYSIS = YES;
				CLANG_WARN_STRICT_PROTOTYPES = YES;
				CLANG_WARN_SUSPICIOUS_MOVE = YES;
				CLANG_WARN_UNGUARDED_AVAILABILITY = YES_AGGRESSIVE;
				CLANG_WARN_UNREACHABLE_CODE = YES;
				CLANG_WARN__DUPLICATE_METHOD_MATCH = YES;
				COPY_PHASE_STRIP = NO;
				DEBUG_INFORMATION_FORMAT = dwarf;
				ENABLE_STRICT_OBJC_MSGSEND = YES;
				ENABLE_TESTABILITY = YES;
				GCC_C_LANGUAGE_STANDARD = gnu11;
				GCC_DYNAMIC_NO_PIC = NO;
				GCC_NO_COMMON_BLOCKS = YES;
				GCC_OPTIMIZATION_LEVEL = 0;
				GCC_PREPROCESSOR_DEFINITIONS = (
					"DEBUG=1",
					"$(inherited)",
				);
				GCC_WARN_64_TO_32_BIT_CONVERSION = YES;
				GCC_WARN_ABOUT_RETURN_TYPE = YES_ERROR;
				GCC_WARN_UNDECLARED_SELECTOR = YES;
				GCC_WARN_UNINITIALIZED_AUTOS = YES_AGGRESSIVE;
				GCC_WARN_UNUSED_FUNCTION = YES;
				GCC_WARN_UNUSED_VARIABLE = YES;
				IPHONEOS_DEPLOYMENT_TARGET = 15.0;
				MTL_ENABLE_DEBUG_INFO = INCLUDE_SOURCE;
				MTL_FAST_MATH = YES;
				ONLY_ACTIVE_ARCH = YES;
				SDKROOT = iphoneos;
				SWIFT_ACTIVE_COMPILATION_CONDITIONS = DEBUG;
				SWIFT_OPTIMIZATION_LEVEL = "-Onone";
			};
			name = Debug;
		};
		22A9C2F627454F2200A08A3F /* Release */ = {
			isa = XCBuildConfiguration;
			buildSettings = {
				ALWAYS_SEARCH_USER_PATHS = NO;
				CLANG_ANALYZER_NONNULL = YES;
				CLANG_ANALYZER_NUMBER_OBJECT_CONVERSION = YES_AGGRESSIVE;
				CLANG_CXX_LANGUAGE_STANDARD = "gnu++17";
				CLANG_CXX_LIBRARY = "libc++";
				CLANG_ENABLE_MODULES = YES;
				CLANG_ENABLE_OBJC_ARC = YES;
				CLANG_ENABLE_OBJC_WEAK = YES;
				CLANG_WARN_BLOCK_CAPTURE_AUTORELEASING = YES;
				CLANG_WARN_BOOL_CONVERSION = YES;
				CLANG_WARN_COMMA = YES;
				CLANG_WARN_CONSTANT_CONVERSION = YES;
				CLANG_WARN_DEPRECATED_OBJC_IMPLEMENTATIONS = YES;
				CLANG_WARN_DIRECT_OBJC_ISA_USAGE = YES_ERROR;
				CLANG_WARN_DOCUMENTATION_COMMENTS = YES;
				CLANG_WARN_EMPTY_BODY = YES;
				CLANG_WARN_ENUM_CONVERSION = YES;
				CLANG_WARN_INFINITE_RECURSION = YES;
				CLANG_WARN_INT_CONVERSION = YES;
				CLANG_WARN_NON_LITERAL_NULL_CONVERSION = YES;
				CLANG_WARN_OBJC_IMPLICIT_RETAIN_SELF = YES;
				CLANG_WARN_OBJC_LITERAL_CONVERSION = YES;
				CLANG_WARN_OBJC_ROOT_CLASS = YES_ERROR;
				CLANG_WARN_QUOTED_INCLUDE_IN_FRAMEWORK_HEADER = YES;
				CLANG_WARN_RANGE_LOOP_ANALYSIS = YES;
				CLANG_WARN_STRICT_PROTOTYPES = YES;
				CLANG_WARN_SUSPICIOUS_MOVE = YES;
				CLANG_WARN_UNGUARDED_AVAILABILITY = YES_AGGRESSIVE;
				CLANG_WARN_UNREACHABLE_CODE = YES;
				CLANG_WARN__DUPLICATE_METHOD_MATCH = YES;
				COPY_PHASE_STRIP = NO;
				DEBUG_INFORMATION_FORMAT = "dwarf-with-dsym";
				ENABLE_NS_ASSERTIONS = NO;
				ENABLE_STRICT_OBJC_MSGSEND = YES;
				GCC_C_LANGUAGE_STANDARD = gnu11;
				GCC_NO_COMMON_BLOCKS = YES;
				GCC_WARN_64_TO_32_BIT_CONVERSION = YES;
				GCC_WARN_ABOUT_RETURN_TYPE = YES_ERROR;
				GCC_WARN_UNDECLARED_SELECTOR = YES;
				GCC_WARN_UNINITIALIZED_AUTOS = YES_AGGRESSIVE;
				GCC_WARN_UNUSED_FUNCTION = YES;
				GCC_WARN_UNUSED_VARIABLE = YES;
				IPHONEOS_DEPLOYMENT_TARGET = 15.0;
				MTL_ENABLE_DEBUG_INFO = NO;
				MTL_FAST_MATH = YES;
				SDKROOT = iphoneos;
				SWIFT_COMPILATION_MODE = wholemodule;
				SWIFT_OPTIMIZATION_LEVEL = "-O";
				VALIDATE_PRODUCT = YES;
			};
			name = Release;
		};
		22A9C2F827454F2200A08A3F /* Debug */ = {
			isa = XCBuildConfiguration;
			buildSettings = {
				ASSETCATALOG_COMPILER_APPICON_NAME = AppIcon;
				ASSETCATALOG_COMPILER_GLOBAL_ACCENT_COLOR_NAME = AccentColor;
				CODE_SIGN_STYLE = Automatic;
				CURRENT_PROJECT_VERSION = 1;
				DEVELOPMENT_ASSET_PATHS = "\"CoffeeExplorer/Preview Content\"";
				DEVELOPMENT_TEAM = NW9D933XVV;
				ENABLE_PREVIEWS = YES;
				GENERATE_INFOPLIST_FILE = YES;
				INFOPLIST_FILE = CoffeeExplorer/Info.plist;
				INFOPLIST_KEY_UIApplicationSceneManifest_Generation = YES;
				INFOPLIST_KEY_UIApplicationSupportsIndirectInputEvents = YES;
				INFOPLIST_KEY_UILaunchScreen_Generation = YES;
				INFOPLIST_KEY_UISupportedInterfaceOrientations_iPad = "UIInterfaceOrientationPortrait UIInterfaceOrientationPortraitUpsideDown UIInterfaceOrientationLandscapeLeft UIInterfaceOrientationLandscapeRight";
				INFOPLIST_KEY_UISupportedInterfaceOrientations_iPhone = "UIInterfaceOrientationPortrait UIInterfaceOrientationLandscapeLeft UIInterfaceOrientationLandscapeRight";
				IPHONEOS_DEPLOYMENT_TARGET = 14.0;
				LD_RUNPATH_SEARCH_PATHS = (
					"$(inherited)",
					"@executable_path/Frameworks",
				);
				MARKETING_VERSION = 1.0;
				PRODUCT_BUNDLE_IDENTIFIER = com.emirates.CoffeeExplorer;
				PRODUCT_NAME = "$(TARGET_NAME)";
				SWIFT_EMIT_LOC_STRINGS = YES;
				SWIFT_VERSION = 5.0;
				TARGETED_DEVICE_FAMILY = "1,2";
			};
			name = Debug;
		};
		22A9C2F927454F2200A08A3F /* Release */ = {
			isa = XCBuildConfiguration;
			buildSettings = {
				ASSETCATALOG_COMPILER_APPICON_NAME = AppIcon;
				ASSETCATALOG_COMPILER_GLOBAL_ACCENT_COLOR_NAME = AccentColor;
				CODE_SIGN_STYLE = Automatic;
				CURRENT_PROJECT_VERSION = 1;
				DEVELOPMENT_ASSET_PATHS = "\"CoffeeExplorer/Preview Content\"";
				DEVELOPMENT_TEAM = NW9D933XVV;
				ENABLE_PREVIEWS = YES;
				GENERATE_INFOPLIST_FILE = YES;
				INFOPLIST_FILE = CoffeeExplorer/Info.plist;
				INFOPLIST_KEY_UIApplicationSceneManifest_Generation = YES;
				INFOPLIST_KEY_UIApplicationSupportsIndirectInputEvents = YES;
				INFOPLIST_KEY_UILaunchScreen_Generation = YES;
				INFOPLIST_KEY_UISupportedInterfaceOrientations_iPad = "UIInterfaceOrientationPortrait UIInterfaceOrientationPortraitUpsideDown UIInterfaceOrientationLandscapeLeft UIInterfaceOrientationLandscapeRight";
				INFOPLIST_KEY_UISupportedInterfaceOrientations_iPhone = "UIInterfaceOrientationPortrait UIInterfaceOrientationLandscapeLeft UIInterfaceOrientationLandscapeRight";
				IPHONEOS_DEPLOYMENT_TARGET = 14.0;
				LD_RUNPATH_SEARCH_PATHS = (
					"$(inherited)",
					"@executable_path/Frameworks",
				);
				MARKETING_VERSION = 1.0;
				PRODUCT_BUNDLE_IDENTIFIER = com.emirates.CoffeeExplorer;
				PRODUCT_NAME = "$(TARGET_NAME)";
				SWIFT_EMIT_LOC_STRINGS = YES;
				SWIFT_VERSION = 5.0;
				TARGETED_DEVICE_FAMILY = "1,2";
			};
			name = Release;
		};
		22A9C2FB27454F2200A08A3F /* Debug */ = {
			isa = XCBuildConfiguration;
			buildSettings = {
				ALWAYS_EMBED_SWIFT_STANDARD_LIBRARIES = YES;
				BUNDLE_LOADER = "$(TEST_HOST)";
				CODE_SIGN_STYLE = Automatic;
				CURRENT_PROJECT_VERSION = 1;
				DEVELOPMENT_TEAM = NW9D933XVV;
				GENERATE_INFOPLIST_FILE = YES;
				IPHONEOS_DEPLOYMENT_TARGET = 15.0;
				LD_RUNPATH_SEARCH_PATHS = (
					"$(inherited)",
					"@executable_path/Frameworks",
					"@loader_path/Frameworks",
				);
				MARKETING_VERSION = 1.0;
				PRODUCT_BUNDLE_IDENTIFIER = com.emirates.CoffeeExplorerTests;
				PRODUCT_NAME = "$(TARGET_NAME)";
				SWIFT_EMIT_LOC_STRINGS = NO;
				SWIFT_VERSION = 5.0;
				TARGETED_DEVICE_FAMILY = "1,2";
				TEST_HOST = "$(BUILT_PRODUCTS_DIR)/CoffeeExplorer.app/CoffeeExplorer";
			};
			name = Debug;
		};
		22A9C2FC27454F2200A08A3F /* Release */ = {
			isa = XCBuildConfiguration;
			buildSettings = {
				ALWAYS_EMBED_SWIFT_STANDARD_LIBRARIES = YES;
				BUNDLE_LOADER = "$(TEST_HOST)";
				CODE_SIGN_STYLE = Automatic;
				CURRENT_PROJECT_VERSION = 1;
				DEVELOPMENT_TEAM = NW9D933XVV;
				GENERATE_INFOPLIST_FILE = YES;
				IPHONEOS_DEPLOYMENT_TARGET = 15.0;
				LD_RUNPATH_SEARCH_PATHS = (
					"$(inherited)",
					"@executable_path/Frameworks",
					"@loader_path/Frameworks",
				);
				MARKETING_VERSION = 1.0;
				PRODUCT_BUNDLE_IDENTIFIER = com.emirates.CoffeeExplorerTests;
				PRODUCT_NAME = "$(TARGET_NAME)";
				SWIFT_EMIT_LOC_STRINGS = NO;
				SWIFT_VERSION = 5.0;
				TARGETED_DEVICE_FAMILY = "1,2";
				TEST_HOST = "$(BUILT_PRODUCTS_DIR)/CoffeeExplorer.app/CoffeeExplorer";
			};
			name = Release;
		};
		22A9C2FE27454F2200A08A3F /* Debug */ = {
			isa = XCBuildConfiguration;
			buildSettings = {
				ALWAYS_EMBED_SWIFT_STANDARD_LIBRARIES = YES;
				CODE_SIGN_STYLE = Automatic;
				CURRENT_PROJECT_VERSION = 1;
				DEVELOPMENT_TEAM = NW9D933XVV;
				GENERATE_INFOPLIST_FILE = YES;
				LD_RUNPATH_SEARCH_PATHS = (
					"$(inherited)",
					"@executable_path/Frameworks",
					"@loader_path/Frameworks",
				);
				MARKETING_VERSION = 1.0;
				PRODUCT_BUNDLE_IDENTIFIER = com.emirates.CoffeeExplorerUITests;
				PRODUCT_NAME = "$(TARGET_NAME)";
				SWIFT_EMIT_LOC_STRINGS = NO;
				SWIFT_VERSION = 5.0;
				TARGETED_DEVICE_FAMILY = "1,2";
				TEST_TARGET_NAME = CoffeeExplorer;
			};
			name = Debug;
		};
		22A9C2FF27454F2200A08A3F /* Release */ = {
			isa = XCBuildConfiguration;
			buildSettings = {
				ALWAYS_EMBED_SWIFT_STANDARD_LIBRARIES = YES;
				CODE_SIGN_STYLE = Automatic;
				CURRENT_PROJECT_VERSION = 1;
				DEVELOPMENT_TEAM = NW9D933XVV;
				GENERATE_INFOPLIST_FILE = YES;
				LD_RUNPATH_SEARCH_PATHS = (
					"$(inherited)",
					"@executable_path/Frameworks",
					"@loader_path/Frameworks",
				);
				MARKETING_VERSION = 1.0;
				PRODUCT_BUNDLE_IDENTIFIER = com.emirates.CoffeeExplorerUITests;
				PRODUCT_NAME = "$(TARGET_NAME)";
				SWIFT_EMIT_LOC_STRINGS = NO;
				SWIFT_VERSION = 5.0;
				TARGETED_DEVICE_FAMILY = "1,2";
				TEST_TARGET_NAME = CoffeeExplorer;
			};
			name = Release;
		};
/* End XCBuildConfiguration section */

/* Begin XCConfigurationList section */
		22A9C2CE27454F2000A08A3F /* Build configuration list for PBXProject "CoffeeExplorer" */ = {
			isa = XCConfigurationList;
			buildConfigurations = (
				22A9C2F527454F2200A08A3F /* Debug */,
				22A9C2F627454F2200A08A3F /* Release */,
			);
			defaultConfigurationIsVisible = 0;
			defaultConfigurationName = Release;
		};
		22A9C2F727454F2200A08A3F /* Build configuration list for PBXNativeTarget "CoffeeExplorer" */ = {
			isa = XCConfigurationList;
			buildConfigurations = (
				22A9C2F827454F2200A08A3F /* Debug */,
				22A9C2F927454F2200A08A3F /* Release */,
			);
			defaultConfigurationIsVisible = 0;
			defaultConfigurationName = Release;
		};
		22A9C2FA27454F2200A08A3F /* Build configuration list for PBXNativeTarget "CoffeeExplorerTests" */ = {
			isa = XCConfigurationList;
			buildConfigurations = (
				22A9C2FB27454F2200A08A3F /* Debug */,
				22A9C2FC27454F2200A08A3F /* Release */,
			);
			defaultConfigurationIsVisible = 0;
			defaultConfigurationName = Release;
		};
		22A9C2FD27454F2200A08A3F /* Build configuration list for PBXNativeTarget "CoffeeExplorerUITests" */ = {
			isa = XCConfigurationList;
			buildConfigurations = (
				22A9C2FE27454F2200A08A3F /* Debug */,
				22A9C2FF27454F2200A08A3F /* Release */,
			);
			defaultConfigurationIsVisible = 0;
			defaultConfigurationName = Release;
		};
/* End XCConfigurationList section */
	};
	rootObject = 22A9C2CB27454F2000A08A3F /* Project object */;
}
